// !$*UTF8*$!
{
	archiveVersion = 1;
	classes = {
	};
	objectVersion = 50;
	objects = {

/* Begin PBXBuildFile section */
		0A25EA4C2398121A0012DFE1 /* (null) in Embed Frameworks */ = {isa = PBXBuildFile; settings = {ATTRIBUTES = (CodeSignOnCopy, RemoveHeadersOnCopy, ); }; };
		0A686493233E834D004B7E17 /* AzureStorageBlob.framework in Frameworks */ = {isa = PBXBuildFile; fileRef = 0A686489233E834D004B7E17 /* AzureStorageBlob.framework */; };
		0A686498233E834D004B7E17 /* AzureStorageBlobTests.swift in Sources */ = {isa = PBXBuildFile; fileRef = 0A686497233E834D004B7E17 /* AzureStorageBlobTests.swift */; };
		0A6864A5233E8366004B7E17 /* AzureCore.framework in Frameworks */ = {isa = PBXBuildFile; fileRef = 0A6864A4233E8366004B7E17 /* AzureCore.framework */; };
		0A6864A6233E8366004B7E17 /* AzureCore.framework in Embed Frameworks */ = {isa = PBXBuildFile; fileRef = 0A6864A4233E8366004B7E17 /* AzureCore.framework */; settings = {ATTRIBUTES = (CodeSignOnCopy, RemoveHeadersOnCopy, ); }; };
		0A6864AA233E83B5004B7E17 /* StorageBlobClient.swift in Sources */ = {isa = PBXBuildFile; fileRef = 0A6864A9233E83B5004B7E17 /* StorageBlobClient.swift */; };
		0A6864AF233E8620004B7E17 /* StorageCredentials.swift in Sources */ = {isa = PBXBuildFile; fileRef = 0A6864AE233E8620004B7E17 /* StorageCredentials.swift */; };
		0A6864B0233E8797004B7E17 /* AzureStorageBlob.h in Headers */ = {isa = PBXBuildFile; fileRef = 0A68648C233E834D004B7E17 /* AzureStorageBlob.h */; settings = {ATTRIBUTES = (Public, ); }; };
		0A6864B3233E89D9004B7E17 /* ContainerItem.swift in Sources */ = {isa = PBXBuildFile; fileRef = 0A6864B2233E89D9004B7E17 /* ContainerItem.swift */; };
		0A6F33F123ABEF730023064F /* Headers.swift in Sources */ = {isa = PBXBuildFile; fileRef = 0A6F33F023ABEF730023064F /* Headers.swift */; };
		0A71C5C7234BB33800604F2D /* BlobProperties.swift in Sources */ = {isa = PBXBuildFile; fileRef = 0A71C5C6234BB33800604F2D /* BlobProperties.swift */; };
		0A71C5C9234BBAA200604F2D /* Enumerations.swift in Sources */ = {isa = PBXBuildFile; fileRef = 0A71C5C8234BBAA200604F2D /* Enumerations.swift */; };
		0AC0AA85234D31C300F05073 /* BlobItem.swift in Sources */ = {isa = PBXBuildFile; fileRef = 0AC0AA84234D31C300F05073 /* BlobItem.swift */; };
		0AC0AA87234D38B000F05073 /* ContainerProperties.swift in Sources */ = {isa = PBXBuildFile; fileRef = 0AC0AA86234D38B000F05073 /* ContainerProperties.swift */; };
		0AC34915235633110094C576 /* StorageBlobClientOptions.swift in Sources */ = {isa = PBXBuildFile; fileRef = 0AC34914235633110094C576 /* StorageBlobClientOptions.swift */; };
		0AE8F02723AC2A5C007B6975 /* BlobHeadersAndQueryParameters.swift in Sources */ = {isa = PBXBuildFile; fileRef = 0AE8F02623AC2A5C007B6975 /* BlobHeadersAndQueryParameters.swift */; };
		0AE8F02D23AC2A7C007B6975 /* StorageStreamDownloader.swift in Sources */ = {isa = PBXBuildFile; fileRef = 0AE8F02A23AC2A7C007B6975 /* StorageStreamDownloader.swift */; };
		0AE8F02E23AC2A7C007B6975 /* BlobSharedAccessSignature.swift in Sources */ = {isa = PBXBuildFile; fileRef = 0AE8F02B23AC2A7C007B6975 /* BlobSharedAccessSignature.swift */; };
		0AE8F02F23AC2AEB007B6975 /* Options.swift in Sources */ = {isa = PBXBuildFile; fileRef = 0AE8F02923AC2A7C007B6975 /* Options.swift */; };
/* End PBXBuildFile section */

/* Begin PBXContainerItemProxy section */
		0A686494233E834D004B7E17 /* PBXContainerItemProxy */ = {
			isa = PBXContainerItemProxy;
			containerPortal = 0A686480233E834D004B7E17 /* Project object */;
			proxyType = 1;
			remoteGlobalIDString = 0A686488233E834D004B7E17;
			remoteInfo = AzureStorageBlob;
		};
/* End PBXContainerItemProxy section */

/* Begin PBXCopyFilesBuildPhase section */
		0A6864A7233E8366004B7E17 /* Embed Frameworks */ = {
			isa = PBXCopyFilesBuildPhase;
			buildActionMask = 2147483647;
			dstPath = "";
			dstSubfolderSpec = 10;
			files = (
				0A6864A6233E8366004B7E17 /* AzureCore.framework in Embed Frameworks */,
				0A25EA4C2398121A0012DFE1 /* (null) in Embed Frameworks */,
			);
			name = "Embed Frameworks";
			runOnlyForDeploymentPostprocessing = 0;
		};
/* End PBXCopyFilesBuildPhase section */

/* Begin PBXFileReference section */
		0A686489233E834D004B7E17 /* AzureStorageBlob.framework */ = {isa = PBXFileReference; explicitFileType = wrapper.framework; includeInIndex = 0; path = AzureStorageBlob.framework; sourceTree = BUILT_PRODUCTS_DIR; };
		0A68648C233E834D004B7E17 /* AzureStorageBlob.h */ = {isa = PBXFileReference; lastKnownFileType = sourcecode.c.h; path = AzureStorageBlob.h; sourceTree = "<group>"; };
		0A68648D233E834D004B7E17 /* Info.plist */ = {isa = PBXFileReference; lastKnownFileType = text.plist.xml; path = Info.plist; sourceTree = "<group>"; };
		0A686492233E834D004B7E17 /* AzureStorageBlobTests.xctest */ = {isa = PBXFileReference; explicitFileType = wrapper.cfbundle; includeInIndex = 0; path = AzureStorageBlobTests.xctest; sourceTree = BUILT_PRODUCTS_DIR; };
		0A686497233E834D004B7E17 /* AzureStorageBlobTests.swift */ = {isa = PBXFileReference; lastKnownFileType = sourcecode.swift; path = AzureStorageBlobTests.swift; sourceTree = "<group>"; };
		0A686499233E834D004B7E17 /* Info.plist */ = {isa = PBXFileReference; lastKnownFileType = text.plist.xml; path = Info.plist; sourceTree = "<group>"; };
		0A6864A4233E8366004B7E17 /* AzureCore.framework */ = {isa = PBXFileReference; explicitFileType = wrapper.framework; path = AzureCore.framework; sourceTree = BUILT_PRODUCTS_DIR; };
		0A6864A9233E83B5004B7E17 /* StorageBlobClient.swift */ = {isa = PBXFileReference; lastKnownFileType = sourcecode.swift; path = StorageBlobClient.swift; sourceTree = "<group>"; };
		0A6864AE233E8620004B7E17 /* StorageCredentials.swift */ = {isa = PBXFileReference; lastKnownFileType = sourcecode.swift; path = StorageCredentials.swift; sourceTree = "<group>"; };
		0A6864B2233E89D9004B7E17 /* ContainerItem.swift */ = {isa = PBXFileReference; lastKnownFileType = sourcecode.swift; path = ContainerItem.swift; sourceTree = "<group>"; };
		0A6F33F023ABEF730023064F /* Headers.swift */ = {isa = PBXFileReference; lastKnownFileType = sourcecode.swift; path = Headers.swift; sourceTree = "<group>"; };
		0A71C5C6234BB33800604F2D /* BlobProperties.swift */ = {isa = PBXFileReference; lastKnownFileType = sourcecode.swift; path = BlobProperties.swift; sourceTree = "<group>"; };
		0A71C5C8234BBAA200604F2D /* Enumerations.swift */ = {isa = PBXFileReference; lastKnownFileType = sourcecode.swift; path = Enumerations.swift; sourceTree = "<group>"; };
		0AC0AA84234D31C300F05073 /* BlobItem.swift */ = {isa = PBXFileReference; lastKnownFileType = sourcecode.swift; path = BlobItem.swift; sourceTree = "<group>"; };
		0AC0AA86234D38B000F05073 /* ContainerProperties.swift */ = {isa = PBXFileReference; lastKnownFileType = sourcecode.swift; path = ContainerProperties.swift; sourceTree = "<group>"; };
		0AC34914235633110094C576 /* StorageBlobClientOptions.swift */ = {isa = PBXFileReference; lastKnownFileType = sourcecode.swift; path = StorageBlobClientOptions.swift; sourceTree = "<group>"; };
		0AE8F02623AC2A5C007B6975 /* BlobHeadersAndQueryParameters.swift */ = {isa = PBXFileReference; fileEncoding = 4; lastKnownFileType = sourcecode.swift; path = BlobHeadersAndQueryParameters.swift; sourceTree = "<group>"; };
		0AE8F02923AC2A7C007B6975 /* Options.swift */ = {isa = PBXFileReference; fileEncoding = 4; lastKnownFileType = sourcecode.swift; path = Options.swift; sourceTree = "<group>"; };
		0AE8F02A23AC2A7C007B6975 /* StorageStreamDownloader.swift */ = {isa = PBXFileReference; fileEncoding = 4; lastKnownFileType = sourcecode.swift; path = StorageStreamDownloader.swift; sourceTree = "<group>"; };
		0AE8F02B23AC2A7C007B6975 /* BlobSharedAccessSignature.swift */ = {isa = PBXFileReference; fileEncoding = 4; lastKnownFileType = sourcecode.swift; path = BlobSharedAccessSignature.swift; sourceTree = "<group>"; };
/* End PBXFileReference section */

/* Begin PBXFrameworksBuildPhase section */
		0A686486233E834D004B7E17 /* Frameworks */ = {
			isa = PBXFrameworksBuildPhase;
			buildActionMask = 2147483647;
			files = (
				0A6864A5233E8366004B7E17 /* AzureCore.framework in Frameworks */,
			);
			runOnlyForDeploymentPostprocessing = 0;
		};
		0A68648F233E834D004B7E17 /* Frameworks */ = {
			isa = PBXFrameworksBuildPhase;
			buildActionMask = 2147483647;
			files = (
				0A686493233E834D004B7E17 /* AzureStorageBlob.framework in Frameworks */,
			);
			runOnlyForDeploymentPostprocessing = 0;
		};
/* End PBXFrameworksBuildPhase section */

/* Begin PBXGroup section */
		0A68647F233E834D004B7E17 = {
			isa = PBXGroup;
			children = (
				0A6864A8233E8388004B7E17 /* Source */,
				0A686496233E834D004B7E17 /* Tests */,
				0A68648A233E834D004B7E17 /* Products */,
				0A6864A3233E8366004B7E17 /* Frameworks */,
			);
			sourceTree = "<group>";
		};
		0A68648A233E834D004B7E17 /* Products */ = {
			isa = PBXGroup;
			children = (
				0A686489233E834D004B7E17 /* AzureStorageBlob.framework */,
				0A686492233E834D004B7E17 /* AzureStorageBlobTests.xctest */,
			);
			name = Products;
			sourceTree = "<group>";
		};
		0A68648B233E834D004B7E17 /* Supporting Files */ = {
			isa = PBXGroup;
			children = (
				0A68648C233E834D004B7E17 /* AzureStorageBlob.h */,
				0A68648D233E834D004B7E17 /* Info.plist */,
			);
			path = "Supporting Files";
			sourceTree = "<group>";
		};
		0A686496233E834D004B7E17 /* Tests */ = {
			isa = PBXGroup;
			children = (
				0A686497233E834D004B7E17 /* AzureStorageBlobTests.swift */,
				0A686499233E834D004B7E17 /* Info.plist */,
			);
			path = Tests;
			sourceTree = "<group>";
		};
		0A6864A3233E8366004B7E17 /* Frameworks */ = {
			isa = PBXGroup;
			children = (
				0A6864A4233E8366004B7E17 /* AzureCore.framework */,
			);
			name = Frameworks;
			sourceTree = "<group>";
		};
		0A6864A8233E8388004B7E17 /* Source */ = {
			isa = PBXGroup;
			children = (
				0A6864AD233E8601004B7E17 /* Credentials */,
				0AE8F02823AC2A7C007B6975 /* DataStructures */,
				0A6864B1233E89BC004B7E17 /* Models */,
				7A0EB50523A9A7A700498A51 /* Util */,
				0A6864A9233E83B5004B7E17 /* StorageBlobClient.swift */,
				0AC34914235633110094C576 /* StorageBlobClientOptions.swift */,
				0A6F33F023ABEF730023064F /* Headers.swift */,
				0A68648B233E834D004B7E17 /* Supporting Files */,
			);
			path = Source;
			sourceTree = "<group>";
		};
		0A6864AD233E8601004B7E17 /* Credentials */ = {
			isa = PBXGroup;
			children = (
				0A6864AE233E8620004B7E17 /* StorageCredentials.swift */,
			);
			path = Credentials;
			sourceTree = "<group>";
		};
		0A6864B1233E89BC004B7E17 /* Models */ = {
			isa = PBXGroup;
			children = (
				0A71C5C8234BBAA200604F2D /* Enumerations.swift */,
				0A6864B2233E89D9004B7E17 /* ContainerItem.swift */,
				0AC0AA86234D38B000F05073 /* ContainerProperties.swift */,
				0AC0AA84234D31C300F05073 /* BlobItem.swift */,
				0A71C5C6234BB33800604F2D /* BlobProperties.swift */,
			);
			path = Models;
			sourceTree = "<group>";
		};
		0AE8F02823AC2A7C007B6975 /* DataStructures */ = {
			isa = PBXGroup;
			children = (
				0AE8F02923AC2A7C007B6975 /* Options.swift */,
				0AE8F02A23AC2A7C007B6975 /* StorageStreamDownloader.swift */,
				0AE8F02B23AC2A7C007B6975 /* BlobSharedAccessSignature.swift */,
			);
			path = DataStructures;
			sourceTree = "<group>";
		};
		7A0EB50523A9A7A700498A51 /* Util */ = {
			isa = PBXGroup;
			children = (
				0AE8F02623AC2A5C007B6975 /* BlobHeadersAndQueryParameters.swift */,
			);
			path = Util;
			sourceTree = "<group>";
		};
/* End PBXGroup section */

/* Begin PBXHeadersBuildPhase section */
		0A686484233E834D004B7E17 /* Headers */ = {
			isa = PBXHeadersBuildPhase;
			buildActionMask = 2147483647;
			files = (
				0A6864B0233E8797004B7E17 /* AzureStorageBlob.h in Headers */,
			);
			runOnlyForDeploymentPostprocessing = 0;
		};
/* End PBXHeadersBuildPhase section */

/* Begin PBXNativeTarget section */
		0A686488233E834D004B7E17 /* AzureStorageBlob */ = {
			isa = PBXNativeTarget;
			buildConfigurationList = 0A68649D233E834D004B7E17 /* Build configuration list for PBXNativeTarget "AzureStorageBlob" */;
			buildPhases = (
				0A686484233E834D004B7E17 /* Headers */,
				0A686485233E834D004B7E17 /* Sources */,
				0A686486233E834D004B7E17 /* Frameworks */,
				0A686487233E834D004B7E17 /* Resources */,
				0A6864A7233E8366004B7E17 /* Embed Frameworks */,
				0A4737AD2397110500DE8AC7 /* SwiftLint */,
			);
			buildRules = (
			);
			dependencies = (
			);
			name = AzureStorageBlob;
			productName = AzureStorageBlob;
			productReference = 0A686489233E834D004B7E17 /* AzureStorageBlob.framework */;
			productType = "com.apple.product-type.framework";
		};
		0A686491233E834D004B7E17 /* AzureStorageBlobTests */ = {
			isa = PBXNativeTarget;
			buildConfigurationList = 0A6864A0233E834D004B7E17 /* Build configuration list for PBXNativeTarget "AzureStorageBlobTests" */;
			buildPhases = (
				0A68648E233E834D004B7E17 /* Sources */,
				0A68648F233E834D004B7E17 /* Frameworks */,
				0A686490233E834D004B7E17 /* Resources */,
			);
			buildRules = (
			);
			dependencies = (
				0A686495233E834D004B7E17 /* PBXTargetDependency */,
			);
			name = AzureStorageBlobTests;
			productName = AzureStorageBlobTests;
			productReference = 0A686492233E834D004B7E17 /* AzureStorageBlobTests.xctest */;
			productType = "com.apple.product-type.bundle.unit-test";
		};
/* End PBXNativeTarget section */

/* Begin PBXProject section */
		0A686480233E834D004B7E17 /* Project object */ = {
			isa = PBXProject;
			attributes = {
				LastSwiftUpdateCheck = 1100;
				LastUpgradeCheck = 1100;
				ORGANIZATIONNAME = "Azure SDK Team";
				TargetAttributes = {
					0A686488233E834D004B7E17 = {
						CreatedOnToolsVersion = 11.0;
						LastSwiftMigration = 1110;
					};
					0A686491233E834D004B7E17 = {
						CreatedOnToolsVersion = 11.0;
					};
				};
			};
			buildConfigurationList = 0A686483233E834D004B7E17 /* Build configuration list for PBXProject "AzureStorageBlob" */;
			compatibilityVersion = "Xcode 9.3";
			developmentRegion = en;
			hasScannedForEncodings = 0;
			knownRegions = (
				en,
				Base,
			);
			mainGroup = 0A68647F233E834D004B7E17;
			productRefGroup = 0A68648A233E834D004B7E17 /* Products */;
			projectDirPath = "";
			projectRoot = "";
			targets = (
				0A686488233E834D004B7E17 /* AzureStorageBlob */,
				0A686491233E834D004B7E17 /* AzureStorageBlobTests */,
			);
		};
/* End PBXProject section */

/* Begin PBXResourcesBuildPhase section */
		0A686487233E834D004B7E17 /* Resources */ = {
			isa = PBXResourcesBuildPhase;
			buildActionMask = 2147483647;
			files = (
			);
			runOnlyForDeploymentPostprocessing = 0;
		};
		0A686490233E834D004B7E17 /* Resources */ = {
			isa = PBXResourcesBuildPhase;
			buildActionMask = 2147483647;
			files = (
			);
			runOnlyForDeploymentPostprocessing = 0;
		};
/* End PBXResourcesBuildPhase section */

/* Begin PBXShellScriptBuildPhase section */
		0A4737AD2397110500DE8AC7 /* SwiftLint */ = {
			isa = PBXShellScriptBuildPhase;
			buildActionMask = 2147483647;
			files = (
			);
			inputFileListPaths = (
			);
			inputPaths = (
			);
			name = SwiftLint;
			outputFileListPaths = (
			);
			outputPaths = (
			);
			runOnlyForDeploymentPostprocessing = 0;
			shellPath = /bin/sh;
			shellScript = "ROOT_PATH=$(pwd | rev | cut -d'/' -f2- | rev) \n$ROOT_PATH/Scripts/swiftlint.sh\n";
		};
/* End PBXShellScriptBuildPhase section */

/* Begin PBXSourcesBuildPhase section */
		0A686485233E834D004B7E17 /* Sources */ = {
			isa = PBXSourcesBuildPhase;
			buildActionMask = 2147483647;
			files = (
				0AE8F02F23AC2AEB007B6975 /* Options.swift in Sources */,
				0AC34915235633110094C576 /* StorageBlobClientOptions.swift in Sources */,
				0A6864B3233E89D9004B7E17 /* ContainerItem.swift in Sources */,
				0A6864AA233E83B5004B7E17 /* StorageBlobClient.swift in Sources */,
				0A71C5C7234BB33800604F2D /* BlobProperties.swift in Sources */,
				0AE8F02E23AC2A7C007B6975 /* BlobSharedAccessSignature.swift in Sources */,
				0AC0AA87234D38B000F05073 /* ContainerProperties.swift in Sources */,
				0A6F33F123ABEF730023064F /* Headers.swift in Sources */,
				0AC0AA85234D31C300F05073 /* BlobItem.swift in Sources */,
				0A6864AF233E8620004B7E17 /* StorageCredentials.swift in Sources */,
				0AE8F02723AC2A5C007B6975 /* BlobHeadersAndQueryParameters.swift in Sources */,
				0AE8F02D23AC2A7C007B6975 /* StorageStreamDownloader.swift in Sources */,
				0A71C5C9234BBAA200604F2D /* Enumerations.swift in Sources */,
			);
			runOnlyForDeploymentPostprocessing = 0;
		};
		0A68648E233E834D004B7E17 /* Sources */ = {
			isa = PBXSourcesBuildPhase;
			buildActionMask = 2147483647;
			files = (
				0A686498233E834D004B7E17 /* AzureStorageBlobTests.swift in Sources */,
			);
			runOnlyForDeploymentPostprocessing = 0;
		};
/* End PBXSourcesBuildPhase section */

/* Begin PBXTargetDependency section */
		0A686495233E834D004B7E17 /* PBXTargetDependency */ = {
			isa = PBXTargetDependency;
			target = 0A686488233E834D004B7E17 /* AzureStorageBlob */;
			targetProxy = 0A686494233E834D004B7E17 /* PBXContainerItemProxy */;
		};
/* End PBXTargetDependency section */

/* Begin XCBuildConfiguration section */
		0A68649B233E834D004B7E17 /* Debug */ = {
			isa = XCBuildConfiguration;
			buildSettings = {
				ALWAYS_SEARCH_USER_PATHS = NO;
				CLANG_ANALYZER_NONNULL = YES;
				CLANG_ANALYZER_NUMBER_OBJECT_CONVERSION = YES_AGGRESSIVE;
				CLANG_CXX_LANGUAGE_STANDARD = "gnu++14";
				CLANG_CXX_LIBRARY = "libc++";
				CLANG_ENABLE_MODULES = YES;
				CLANG_ENABLE_OBJC_ARC = YES;
				CLANG_ENABLE_OBJC_WEAK = YES;
				CLANG_WARN_BLOCK_CAPTURE_AUTORELEASING = YES;
				CLANG_WARN_BOOL_CONVERSION = YES;
				CLANG_WARN_COMMA = YES;
				CLANG_WARN_CONSTANT_CONVERSION = YES;
				CLANG_WARN_DEPRECATED_OBJC_IMPLEMENTATIONS = YES;
				CLANG_WARN_DIRECT_OBJC_ISA_USAGE = YES_ERROR;
				CLANG_WARN_DOCUMENTATION_COMMENTS = YES;
				CLANG_WARN_EMPTY_BODY = YES;
				CLANG_WARN_ENUM_CONVERSION = YES;
				CLANG_WARN_INFINITE_RECURSION = YES;
				CLANG_WARN_INT_CONVERSION = YES;
				CLANG_WARN_NON_LITERAL_NULL_CONVERSION = YES;
				CLANG_WARN_OBJC_IMPLICIT_RETAIN_SELF = YES;
				CLANG_WARN_OBJC_LITERAL_CONVERSION = YES;
				CLANG_WARN_OBJC_ROOT_CLASS = YES_ERROR;
				CLANG_WARN_RANGE_LOOP_ANALYSIS = YES;
				CLANG_WARN_STRICT_PROTOTYPES = YES;
				CLANG_WARN_SUSPICIOUS_MOVE = YES;
				CLANG_WARN_UNGUARDED_AVAILABILITY = YES_AGGRESSIVE;
				CLANG_WARN_UNREACHABLE_CODE = YES;
				CLANG_WARN__DUPLICATE_METHOD_MATCH = YES;
				COPY_PHASE_STRIP = NO;
				CURRENT_PROJECT_VERSION = 1;
				DEBUG_INFORMATION_FORMAT = dwarf;
				ENABLE_STRICT_OBJC_MSGSEND = YES;
				ENABLE_TESTABILITY = YES;
				GCC_C_LANGUAGE_STANDARD = gnu11;
				GCC_DYNAMIC_NO_PIC = NO;
				GCC_NO_COMMON_BLOCKS = YES;
				GCC_OPTIMIZATION_LEVEL = 0;
				GCC_PREPROCESSOR_DEFINITIONS = (
					"DEBUG=1",
					"$(inherited)",
				);
				GCC_WARN_64_TO_32_BIT_CONVERSION = YES;
				GCC_WARN_ABOUT_RETURN_TYPE = YES_ERROR;
				GCC_WARN_UNDECLARED_SELECTOR = YES;
				GCC_WARN_UNINITIALIZED_AUTOS = YES_AGGRESSIVE;
				GCC_WARN_UNUSED_FUNCTION = YES;
				GCC_WARN_UNUSED_VARIABLE = YES;
				IPHONEOS_DEPLOYMENT_TARGET = 12.0;
				MTL_ENABLE_DEBUG_INFO = INCLUDE_SOURCE;
				MTL_FAST_MATH = YES;
				ONLY_ACTIVE_ARCH = YES;
				SDKROOT = iphoneos;
				SWIFT_ACTIVE_COMPILATION_CONDITIONS = DEBUG;
				SWIFT_OPTIMIZATION_LEVEL = "-Onone";
				VERSIONING_SYSTEM = "apple-generic";
				VERSION_INFO_PREFIX = "";
			};
			name = Debug;
		};
		0A68649C233E834D004B7E17 /* Release */ = {
			isa = XCBuildConfiguration;
			buildSettings = {
				ALWAYS_SEARCH_USER_PATHS = NO;
				CLANG_ANALYZER_NONNULL = YES;
				CLANG_ANALYZER_NUMBER_OBJECT_CONVERSION = YES_AGGRESSIVE;
				CLANG_CXX_LANGUAGE_STANDARD = "gnu++14";
				CLANG_CXX_LIBRARY = "libc++";
				CLANG_ENABLE_MODULES = YES;
				CLANG_ENABLE_OBJC_ARC = YES;
				CLANG_ENABLE_OBJC_WEAK = YES;
				CLANG_WARN_BLOCK_CAPTURE_AUTORELEASING = YES;
				CLANG_WARN_BOOL_CONVERSION = YES;
				CLANG_WARN_COMMA = YES;
				CLANG_WARN_CONSTANT_CONVERSION = YES;
				CLANG_WARN_DEPRECATED_OBJC_IMPLEMENTATIONS = YES;
				CLANG_WARN_DIRECT_OBJC_ISA_USAGE = YES_ERROR;
				CLANG_WARN_DOCUMENTATION_COMMENTS = YES;
				CLANG_WARN_EMPTY_BODY = YES;
				CLANG_WARN_ENUM_CONVERSION = YES;
				CLANG_WARN_INFINITE_RECURSION = YES;
				CLANG_WARN_INT_CONVERSION = YES;
				CLANG_WARN_NON_LITERAL_NULL_CONVERSION = YES;
				CLANG_WARN_OBJC_IMPLICIT_RETAIN_SELF = YES;
				CLANG_WARN_OBJC_LITERAL_CONVERSION = YES;
				CLANG_WARN_OBJC_ROOT_CLASS = YES_ERROR;
				CLANG_WARN_RANGE_LOOP_ANALYSIS = YES;
				CLANG_WARN_STRICT_PROTOTYPES = YES;
				CLANG_WARN_SUSPICIOUS_MOVE = YES;
				CLANG_WARN_UNGUARDED_AVAILABILITY = YES_AGGRESSIVE;
				CLANG_WARN_UNREACHABLE_CODE = YES;
				CLANG_WARN__DUPLICATE_METHOD_MATCH = YES;
				COPY_PHASE_STRIP = NO;
				CURRENT_PROJECT_VERSION = 1;
				DEBUG_INFORMATION_FORMAT = "dwarf-with-dsym";
				ENABLE_NS_ASSERTIONS = NO;
				ENABLE_STRICT_OBJC_MSGSEND = YES;
				GCC_C_LANGUAGE_STANDARD = gnu11;
				GCC_NO_COMMON_BLOCKS = YES;
				GCC_WARN_64_TO_32_BIT_CONVERSION = YES;
				GCC_WARN_ABOUT_RETURN_TYPE = YES_ERROR;
				GCC_WARN_UNDECLARED_SELECTOR = YES;
				GCC_WARN_UNINITIALIZED_AUTOS = YES_AGGRESSIVE;
				GCC_WARN_UNUSED_FUNCTION = YES;
				GCC_WARN_UNUSED_VARIABLE = YES;
				IPHONEOS_DEPLOYMENT_TARGET = 12.0;
				MTL_ENABLE_DEBUG_INFO = NO;
				MTL_FAST_MATH = YES;
				SDKROOT = iphoneos;
				SWIFT_COMPILATION_MODE = wholemodule;
				SWIFT_OPTIMIZATION_LEVEL = "-O";
				VALIDATE_PRODUCT = YES;
				VERSIONING_SYSTEM = "apple-generic";
				VERSION_INFO_PREFIX = "";
			};
			name = Release;
		};
		0A68649E233E834D004B7E17 /* Debug */ = {
			isa = XCBuildConfiguration;
			buildSettings = {
				APPLICATION_EXTENSION_API_ONLY = NO;
				CLANG_ENABLE_MODULES = YES;
				CODE_SIGN_STYLE = Automatic;
				DEFINES_MODULE = YES;
				DEVELOPMENT_TEAM = UBF8T346G9;
				DYLIB_COMPATIBILITY_VERSION = 1;
				DYLIB_CURRENT_VERSION = 1;
				DYLIB_INSTALL_NAME_BASE = "@rpath";
				INFOPLIST_FILE = "Source/Supporting Files/Info.plist";
				INSTALL_PATH = "$(LOCAL_LIBRARY_DIR)/Frameworks";
				LD_RUNPATH_SEARCH_PATHS = (
					"$(inherited)",
					"@executable_path/Frameworks",
					"@loader_path/Frameworks",
				);
				MARKETING_VERSION = 0.1.0;
				PRODUCT_BUNDLE_IDENTIFIER = com.azure.AzureStorageBlob;
				PRODUCT_NAME = "$(TARGET_NAME:c99extidentifier)";
				SKIP_INSTALL = YES;
				SWIFT_OPTIMIZATION_LEVEL = "-Onone";
				SWIFT_VERSION = 4.0;
				TARGETED_DEVICE_FAMILY = "1,2";
			};
			name = Debug;
		};
		0A68649F233E834D004B7E17 /* Release */ = {
			isa = XCBuildConfiguration;
			buildSettings = {
				APPLICATION_EXTENSION_API_ONLY = NO;
				CLANG_ENABLE_MODULES = YES;
				CODE_SIGN_STYLE = Automatic;
				DEFINES_MODULE = YES;
				DEVELOPMENT_TEAM = UBF8T346G9;
				DYLIB_COMPATIBILITY_VERSION = 1;
				DYLIB_CURRENT_VERSION = 1;
				DYLIB_INSTALL_NAME_BASE = "@rpath";
				INFOPLIST_FILE = "Source/Supporting Files/Info.plist";
				INSTALL_PATH = "$(LOCAL_LIBRARY_DIR)/Frameworks";
				LD_RUNPATH_SEARCH_PATHS = (
					"$(inherited)",
					"@executable_path/Frameworks",
					"@loader_path/Frameworks",
				);
				MARKETING_VERSION = 0.1.0;
				PRODUCT_BUNDLE_IDENTIFIER = com.azure.AzureStorageBlob;
				PRODUCT_NAME = "$(TARGET_NAME:c99extidentifier)";
				SKIP_INSTALL = YES;
				SWIFT_VERSION = 4.0;
				TARGETED_DEVICE_FAMILY = "1,2";
			};
			name = Release;
		};
		0A6864A1233E834D004B7E17 /* Debug */ = {
			isa = XCBuildConfiguration;
			buildSettings = {
				ALWAYS_EMBED_SWIFT_STANDARD_LIBRARIES = YES;
				CODE_SIGN_STYLE = Automatic;
				DEVELOPMENT_TEAM = UBF8T346G9;
				INFOPLIST_FILE = AzureStorageBlobTests/Info.plist;
				LD_RUNPATH_SEARCH_PATHS = (
					"$(inherited)",
					"@executable_path/Frameworks",
					"@loader_path/Frameworks",
				);
				PRODUCT_BUNDLE_IDENTIFIER = com.azure.AzureStorageBlobTests;
				PRODUCT_NAME = "$(TARGET_NAME)";
				SWIFT_VERSION = 5.0;
				TARGETED_DEVICE_FAMILY = "1,2";
			};
			name = Debug;
		};
		0A6864A2233E834D004B7E17 /* Release */ = {
			isa = XCBuildConfiguration;
			buildSettings = {
				ALWAYS_EMBED_SWIFT_STANDARD_LIBRARIES = YES;
				CODE_SIGN_STYLE = Automatic;
				DEVELOPMENT_TEAM = UBF8T346G9;
				INFOPLIST_FILE = AzureStorageBlobTests/Info.plist;
				LD_RUNPATH_SEARCH_PATHS = (
					"$(inherited)",
					"@executable_path/Frameworks",
					"@loader_path/Frameworks",
				);
				PRODUCT_BUNDLE_IDENTIFIER = com.azure.AzureStorageBlobTests;
				PRODUCT_NAME = "$(TARGET_NAME)";
				SWIFT_VERSION = 5.0;
				TARGETED_DEVICE_FAMILY = "1,2";
			};
			name = Release;
		};
/* End XCBuildConfiguration section */

/* Begin XCConfigurationList section */
		0A686483233E834D004B7E17 /* Build configuration list for PBXProject "AzureStorageBlob" */ = {
			isa = XCConfigurationList;
			buildConfigurations = (
				0A68649B233E834D004B7E17 /* Debug */,
				0A68649C233E834D004B7E17 /* Release */,
			);
			defaultConfigurationIsVisible = 0;
			defaultConfigurationName = Release;
		};
		0A68649D233E834D004B7E17 /* Build configuration list for PBXNativeTarget "AzureStorageBlob" */ = {
			isa = XCConfigurationList;
			buildConfigurations = (
				0A68649E233E834D004B7E17 /* Debug */,
				0A68649F233E834D004B7E17 /* Release */,
			);
			defaultConfigurationIsVisible = 0;
			defaultConfigurationName = Release;
		};
		0A6864A0233E834D004B7E17 /* Build configuration list for PBXNativeTarget "AzureStorageBlobTests" */ = {
			isa = XCConfigurationList;
			buildConfigurations = (
				0A6864A1233E834D004B7E17 /* Debug */,
				0A6864A2233E834D004B7E17 /* Release */,
			);
			defaultConfigurationIsVisible = 0;
			defaultConfigurationName = Release;
		};
/* End XCConfigurationList section */
	};
	rootObject = 0A686480233E834D004B7E17 /* Project object */;
}
