// !$*UTF8*$!
{
	archiveVersion = 1;
	classes = {
	};
	objectVersion = 52;
	objects = {

/* Begin PBXBuildFile section */
		0ECA8CD2258181A5006760F7 /* ChatClientUnitTests.swift in Sources */ = {isa = PBXBuildFile; fileRef = 0ECA8CD1258181A5006760F7 /* ChatClientUnitTests.swift */; };
		0ECA8CDF258188D0006760F7 /* GetThreadResponse.json in Resources */ = {isa = PBXBuildFile; fileRef = 0ECA8CDE258188D0006760F7 /* GetThreadResponse.json */; };
		0ECA8CEB2582A52D006760F7 /* UnauthorizedError.json in Resources */ = {isa = PBXBuildFile; fileRef = 0ECA8CEA2582A52D006760F7 /* UnauthorizedError.json */; };
		0ECA8CF12582A633006760F7 /* ListThreadsResponse.json in Resources */ = {isa = PBXBuildFile; fileRef = 0ECA8CF02582A633006760F7 /* ListThreadsResponse.json */; };
		0ECA8D09258432DC006760F7 /* ChatThreadClientUnitTests.swift in Sources */ = {isa = PBXBuildFile; fileRef = 0ECA8D08258432DC006760F7 /* ChatThreadClientUnitTests.swift */; };
		0ECA8D1025888515006760F7 /* NoContent.json in Resources */ = {isa = PBXBuildFile; fileRef = 0ECA8D0E25888515006760F7 /* NoContent.json */; };
		0ECA8D1125888515006760F7 /* SendMessageResponse.json in Resources */ = {isa = PBXBuildFile; fileRef = 0ECA8D0F25888515006760F7 /* SendMessageResponse.json */; };
		0ECA8D1725888667006760F7 /* GetMessageResponse.json in Resources */ = {isa = PBXBuildFile; fileRef = 0ECA8D1625888667006760F7 /* GetMessageResponse.json */; };
		0ECA8D1D258887D3006760F7 /* ListMessagesResponse.json in Resources */ = {isa = PBXBuildFile; fileRef = 0ECA8D1C258887D3006760F7 /* ListMessagesResponse.json */; };
		0ECA8D2325888DD8006760F7 /* ListParticipantsResponse.json in Resources */ = {isa = PBXBuildFile; fileRef = 0ECA8D2225888DD8006760F7 /* ListParticipantsResponse.json */; };
		0ECA8D29258892CD006760F7 /* AddParticipantResponse.json in Resources */ = {isa = PBXBuildFile; fileRef = 0ECA8D28258892CD006760F7 /* AddParticipantResponse.json */; };
		0ECA8D2F25889619006760F7 /* ListReadReceiptResponse.json in Resources */ = {isa = PBXBuildFile; fileRef = 0ECA8D2E25889619006760F7 /* ListReadReceiptResponse.json */; };
		9766BE9261FCB48436FA6682 /* Pods_AzureCommunicationChatTests.framework in Frameworks */ = {isa = PBXBuildFile; fileRef = F1FE3013E797A134E8A6C3B5 /* Pods_AzureCommunicationChatTests.framework */; };
		D10C3BCE25A63F7800A181E3 /* listParticipants.json in Resources */ = {isa = PBXBuildFile; fileRef = D10C3BCD25A63F7800A181E3 /* listParticipants.json */; };
		D10C3BD425A660AF00A181E3 /* listMessages.json in Resources */ = {isa = PBXBuildFile; fileRef = D10C3BD325A660AF00A181E3 /* listMessages.json */; };
		D10C3BDA25A66D4D00A181E3 /* listThreads.json in Resources */ = {isa = PBXBuildFile; fileRef = D10C3BD925A66D4D00A181E3 /* listThreads.json */; };
		D110F507258D603F001FA3CD /* AzureCommunication.framework in Frameworks */ = {isa = PBXBuildFile; fileRef = D110F506258D603F001FA3CD /* AzureCommunication.framework */; };
		D110F50A258D604B001FA3CD /* AzureCore.framework in Frameworks */ = {isa = PBXBuildFile; fileRef = D110F509258D604B001FA3CD /* AzureCore.framework */; };
		D110F50C258D6053001FA3CD /* Pods_AzureCommunicationChat.framework in Frameworks */ = {isa = PBXBuildFile; fileRef = D110F50B258D6053001FA3CD /* Pods_AzureCommunicationChat.framework */; };
		D1565C71256DB74900AF45F8 /* ChatClient.swift in Sources */ = {isa = PBXBuildFile; fileRef = D1565C70256DB74900AF45F8 /* ChatClient.swift */; };
		D1565C74256DB76C00AF45F8 /* ChatThreadClient.swift in Sources */ = {isa = PBXBuildFile; fileRef = D1565C73256DB76C00AF45F8 /* ChatThreadClient.swift */; };
		D15E98FA25B7C80C00E63DB2 /* AzureCommunicationChatClient.swift in Sources */ = {isa = PBXBuildFile; fileRef = D15E98CA25B7C80C00E63DB2 /* AzureCommunicationChatClient.swift */; };
		D15E98FB25B7C80C00E63DB2 /* ChatThreadOperation+AddChatParticipantsOptions.swift in Sources */ = {isa = PBXBuildFile; fileRef = D15E98CC25B7C80C00E63DB2 /* ChatThreadOperation+AddChatParticipantsOptions.swift */; };
		D15E98FC25B7C80C00E63DB2 /* ChatThreadOperation+ListChatReadReceiptsOptions.swift in Sources */ = {isa = PBXBuildFile; fileRef = D15E98CD25B7C80C00E63DB2 /* ChatThreadOperation+ListChatReadReceiptsOptions.swift */; };
		D15E98FD25B7C80C00E63DB2 /* ChatThreadOperation+UpdateChatMessageOptions.swift in Sources */ = {isa = PBXBuildFile; fileRef = D15E98CE25B7C80C00E63DB2 /* ChatThreadOperation+UpdateChatMessageOptions.swift */; };
		D15E98FE25B7C80C00E63DB2 /* Chat+ListChatThreadsOptions.swift in Sources */ = {isa = PBXBuildFile; fileRef = D15E98CF25B7C80C00E63DB2 /* Chat+ListChatThreadsOptions.swift */; };
		D15E98FF25B7C80C00E63DB2 /* Chat+DeleteChatThreadOptions.swift in Sources */ = {isa = PBXBuildFile; fileRef = D15E98D025B7C80C00E63DB2 /* Chat+DeleteChatThreadOptions.swift */; };
		D15E990025B7C80C00E63DB2 /* AzureCommunicationChatClientOptions.swift in Sources */ = {isa = PBXBuildFile; fileRef = D15E98D125B7C80C00E63DB2 /* AzureCommunicationChatClientOptions.swift */; };
		D15E990125B7C80C00E63DB2 /* ChatThreadOperation+SendChatMessageOptions.swift in Sources */ = {isa = PBXBuildFile; fileRef = D15E98D225B7C80C00E63DB2 /* ChatThreadOperation+SendChatMessageOptions.swift */; };
		D15E990225B7C80C00E63DB2 /* ChatThreadOperation+SendChatReadReceiptOptions.swift in Sources */ = {isa = PBXBuildFile; fileRef = D15E98D325B7C80C00E63DB2 /* ChatThreadOperation+SendChatReadReceiptOptions.swift */; };
		D15E990325B7C80C00E63DB2 /* ChatThreadOperation+RemoveChatParticipantOptions.swift in Sources */ = {isa = PBXBuildFile; fileRef = D15E98D425B7C80C00E63DB2 /* ChatThreadOperation+RemoveChatParticipantOptions.swift */; };
		D15E990425B7C80C00E63DB2 /* ChatThreadOperation+UpdateChatThreadOptions.swift in Sources */ = {isa = PBXBuildFile; fileRef = D15E98D525B7C80C00E63DB2 /* ChatThreadOperation+UpdateChatThreadOptions.swift */; };
		D15E990525B7C80C00E63DB2 /* Chat+CreateChatThreadOptions.swift in Sources */ = {isa = PBXBuildFile; fileRef = D15E98D625B7C80C00E63DB2 /* Chat+CreateChatThreadOptions.swift */; };
		D15E990625B7C80C00E63DB2 /* ChatThreadOperation+SendTypingNotificationOptions.swift in Sources */ = {isa = PBXBuildFile; fileRef = D15E98D725B7C80C00E63DB2 /* ChatThreadOperation+SendTypingNotificationOptions.swift */; };
		D15E990725B7C80C00E63DB2 /* ChatThreadOperation+DeleteChatMessageOptions.swift in Sources */ = {isa = PBXBuildFile; fileRef = D15E98D825B7C80C00E63DB2 /* ChatThreadOperation+DeleteChatMessageOptions.swift */; };
		D15E990825B7C80C00E63DB2 /* ChatThreadOperation+ListChatMessagesOptions.swift in Sources */ = {isa = PBXBuildFile; fileRef = D15E98D925B7C80C00E63DB2 /* ChatThreadOperation+ListChatMessagesOptions.swift */; };
		D15E990925B7C80C00E63DB2 /* ChatThreadOperation+GetChatMessageOptions.swift in Sources */ = {isa = PBXBuildFile; fileRef = D15E98DA25B7C80C00E63DB2 /* ChatThreadOperation+GetChatMessageOptions.swift */; };
		D15E990A25B7C80C00E63DB2 /* Chat+GetChatThreadOptions.swift in Sources */ = {isa = PBXBuildFile; fileRef = D15E98DB25B7C80C00E63DB2 /* Chat+GetChatThreadOptions.swift */; };
		D15E990B25B7C80C00E63DB2 /* ChatThreadOperation+ListChatParticipantsOptions.swift in Sources */ = {isa = PBXBuildFile; fileRef = D15E98DC25B7C80C00E63DB2 /* ChatThreadOperation+ListChatParticipantsOptions.swift */; };
		D15E990C25B7C80C00E63DB2 /* PatchUtil.swift in Sources */ = {isa = PBXBuildFile; fileRef = D15E98DE25B7C80C00E63DB2 /* PatchUtil.swift */; };
		D15E990D25B7C80C00E63DB2 /* Chat.swift in Sources */ = {isa = PBXBuildFile; fileRef = D15E98DF25B7C80C00E63DB2 /* Chat.swift */; };
		D15E990E25B7C80C00E63DB2 /* AddChatParticipantsErrors.swift in Sources */ = {isa = PBXBuildFile; fileRef = D15E98E125B7C80C00E63DB2 /* AddChatParticipantsErrors.swift */; };
		D15E990F25B7C80C00E63DB2 /* CommunicationError.swift in Sources */ = {isa = PBXBuildFile; fileRef = D15E98E225B7C80C00E63DB2 /* CommunicationError.swift */; };
		D15E991025B7C80C00E63DB2 /* SendChatMessageRequest.swift in Sources */ = {isa = PBXBuildFile; fileRef = D15E98E325B7C80C00E63DB2 /* SendChatMessageRequest.swift */; };
		D15E991125B7C80C00E63DB2 /* ChatMessageContent.swift in Sources */ = {isa = PBXBuildFile; fileRef = D15E98E425B7C80C00E63DB2 /* ChatMessageContent.swift */; };
		D15E991225B7C80C00E63DB2 /* UpdateChatThreadRequest.swift in Sources */ = {isa = PBXBuildFile; fileRef = D15E98E525B7C80C00E63DB2 /* UpdateChatThreadRequest.swift */; };
		D15E991325B7C80C00E63DB2 /* ChatMessage.swift in Sources */ = {isa = PBXBuildFile; fileRef = D15E98E625B7C80C00E63DB2 /* ChatMessage.swift */; };
		D15E991425B7C80C00E63DB2 /* ChatMessagesCollection.swift in Sources */ = {isa = PBXBuildFile; fileRef = D15E98E725B7C80C00E63DB2 /* ChatMessagesCollection.swift */; };
		D15E991525B7C80C00E63DB2 /* CreateChatThreadErrors.swift in Sources */ = {isa = PBXBuildFile; fileRef = D15E98E825B7C80C00E63DB2 /* CreateChatThreadErrors.swift */; };
		D15E991625B7C80C00E63DB2 /* ChatMessageReadReceipt.swift in Sources */ = {isa = PBXBuildFile; fileRef = D15E98E925B7C80C00E63DB2 /* ChatMessageReadReceipt.swift */; };
		D15E991725B7C80C00E63DB2 /* CreateChatThreadRequest.swift in Sources */ = {isa = PBXBuildFile; fileRef = D15E98EA25B7C80C00E63DB2 /* CreateChatThreadRequest.swift */; };
		D15E991825B7C80C00E63DB2 /* CommunicationErrorResponse.swift in Sources */ = {isa = PBXBuildFile; fileRef = D15E98EB25B7C80C00E63DB2 /* CommunicationErrorResponse.swift */; };
		D15E991925B7C80C00E63DB2 /* Enumerations.swift in Sources */ = {isa = PBXBuildFile; fileRef = D15E98EC25B7C80C00E63DB2 /* Enumerations.swift */; };
		D15E991A25B7C80C00E63DB2 /* AddChatParticipantsResult.swift in Sources */ = {isa = PBXBuildFile; fileRef = D15E98ED25B7C80C00E63DB2 /* AddChatParticipantsResult.swift */; };
		D15E991B25B7C80C00E63DB2 /* ChatMessageReadReceiptsCollection.swift in Sources */ = {isa = PBXBuildFile; fileRef = D15E98EE25B7C80C00E63DB2 /* ChatMessageReadReceiptsCollection.swift */; };
		D15E991C25B7C80C00E63DB2 /* ChatThreadsInfoCollection.swift in Sources */ = {isa = PBXBuildFile; fileRef = D15E98EF25B7C80C00E63DB2 /* ChatThreadsInfoCollection.swift */; };
		D15E991D25B7C80C00E63DB2 /* ChatThread.swift in Sources */ = {isa = PBXBuildFile; fileRef = D15E98F025B7C80C00E63DB2 /* ChatThread.swift */; };
		D15E991E25B7C80C00E63DB2 /* UpdateChatMessageRequest.swift in Sources */ = {isa = PBXBuildFile; fileRef = D15E98F125B7C80C00E63DB2 /* UpdateChatMessageRequest.swift */; };
		D15E991F25B7C80C00E63DB2 /* CreateChatThreadResult.swift in Sources */ = {isa = PBXBuildFile; fileRef = D15E98F225B7C80C00E63DB2 /* CreateChatThreadResult.swift */; };
		D15E992025B7C80C00E63DB2 /* SendReadReceiptRequest.swift in Sources */ = {isa = PBXBuildFile; fileRef = D15E98F325B7C80C00E63DB2 /* SendReadReceiptRequest.swift */; };
		D15E992125B7C80C00E63DB2 /* ChatThreadInfo.swift in Sources */ = {isa = PBXBuildFile; fileRef = D15E98F425B7C80C00E63DB2 /* ChatThreadInfo.swift */; };
		D15E992225B7C80C00E63DB2 /* SendChatMessageResult.swift in Sources */ = {isa = PBXBuildFile; fileRef = D15E98F525B7C80C00E63DB2 /* SendChatMessageResult.swift */; };
		D15E992325B7C80C00E63DB2 /* AddChatParticipantsRequest.swift in Sources */ = {isa = PBXBuildFile; fileRef = D15E98F625B7C80C00E63DB2 /* AddChatParticipantsRequest.swift */; };
		D15E992425B7C80C00E63DB2 /* ChatParticipant.swift in Sources */ = {isa = PBXBuildFile; fileRef = D15E98F725B7C80C00E63DB2 /* ChatParticipant.swift */; };
		D15E992525B7C80C00E63DB2 /* ChatParticipantsCollection.swift in Sources */ = {isa = PBXBuildFile; fileRef = D15E98F825B7C80C00E63DB2 /* ChatParticipantsCollection.swift */; };
		D15E992625B7C80C00E63DB2 /* ChatThreadOperation.swift in Sources */ = {isa = PBXBuildFile; fileRef = D15E98F925B7C80C00E63DB2 /* ChatThreadOperation.swift */; };
		D1B7EB06257F0D20004F384A /* AzureCommunicationChat.framework in Frameworks */ = {isa = PBXBuildFile; fileRef = "AzureCommunicationChat::AzureCommunicationChat::Product" /* AzureCommunicationChat.framework */; };
		D1BA104625807B0B00CA7130 /* CreateThreadResponse.json in Resources */ = {isa = PBXBuildFile; fileRef = D1BA104525807B0B00CA7130 /* CreateThreadResponse.json */; };
		D1BA104D25807B7500CA7130 /* OHHTTPStubsSwift in Frameworks */ = {isa = PBXBuildFile; productRef = D1BA104C25807B7500CA7130 /* OHHTTPStubsSwift */; };
		D1CD93A2258D6BC700409613 /* ChatClientTests.swift in Sources */ = {isa = PBXBuildFile; fileRef = D1CD93A1258D6BC700409613 /* ChatClientTests.swift */; };
		D1CD93A8258D6BDC00409613 /* ChatThreadClientTests.swift in Sources */ = {isa = PBXBuildFile; fileRef = D1CD93A7258D6BDC00409613 /* ChatThreadClientTests.swift */; };
		D1CD93AD258D6C2500409613 /* RecordingUtil.swift in Sources */ = {isa = PBXBuildFile; fileRef = D1CD93AC258D6C2500409613 /* RecordingUtil.swift */; };
		D1CD93B3258D6C3D00409613 /* TestUtil.swift in Sources */ = {isa = PBXBuildFile; fileRef = D1CD93B2258D6C3D00409613 /* TestUtil.swift */; };
		D1CD93BE258D6E6200409613 /* addParticipants.json in Resources */ = {isa = PBXBuildFile; fileRef = D1CD93BD258D6E6200409613 /* addParticipants.json */; };
		D1CD93C4258D6E7300409613 /* createThread.json in Resources */ = {isa = PBXBuildFile; fileRef = D1CD93C3258D6E7300409613 /* createThread.json */; };
		D1CD93C8258D6E8F00409613 /* deleteMessage.json in Resources */ = {isa = PBXBuildFile; fileRef = D1CD93C7258D6E8F00409613 /* deleteMessage.json */; };
		D1CD93CC258D6E9E00409613 /* deleteThread.json in Resources */ = {isa = PBXBuildFile; fileRef = D1CD93CB258D6E9E00409613 /* deleteThread.json */; };
		D1CD93D0258D6EAB00409613 /* getThread.json in Resources */ = {isa = PBXBuildFile; fileRef = D1CD93CF258D6EAB00409613 /* getThread.json */; };
		D1CD93D8258D6ECD00409613 /* removeParticipant.json in Resources */ = {isa = PBXBuildFile; fileRef = D1CD93D7258D6ECD00409613 /* removeParticipant.json */; };
		D1CD93DC258D6EDA00409613 /* sendMessage.json in Resources */ = {isa = PBXBuildFile; fileRef = D1CD93DB258D6EDA00409613 /* sendMessage.json */; };
		D1CD93E0258D6EEA00409613 /* sendReadReceipt.json in Resources */ = {isa = PBXBuildFile; fileRef = D1CD93DF258D6EEA00409613 /* sendReadReceipt.json */; };
		D1CD93E4258D6EF700409613 /* sendTypingNotification.json in Resources */ = {isa = PBXBuildFile; fileRef = D1CD93E3258D6EF700409613 /* sendTypingNotification.json */; };
		D1CD93E8258D6F0600409613 /* updateMessage.json in Resources */ = {isa = PBXBuildFile; fileRef = D1CD93E7258D6F0600409613 /* updateMessage.json */; };
		D1CD93EC258D6F1300409613 /* updateTopic.json in Resources */ = {isa = PBXBuildFile; fileRef = D1CD93EB258D6F1300409613 /* updateTopic.json */; };
		D50EC0E725A9322900FA1177 /* SignalingClient.swift in Sources */ = {isa = PBXBuildFile; fileRef = D50EC0E625A9322900FA1177 /* SignalingClient.swift */; };
/* End PBXBuildFile section */

/* Begin PBXContainerItemProxy section */
		D1CD936C258D688D00409613 /* PBXContainerItemProxy */ = {
			isa = PBXContainerItemProxy;
			containerPortal = OBJ_1 /* Project object */;
			proxyType = 1;
			remoteGlobalIDString = "AzureCommunicationChat::AzureCommunicationChat";
			remoteInfo = AzureCommunicationChat;
		};
		D51B549425B80E0D00B78904 /* PBXContainerItemProxy */ = {
			isa = PBXContainerItemProxy;
			containerPortal = D51B549025B80E0D00B78904 /* AzureCommunicationSignaling.xcodeproj */;
			proxyType = 2;
			remoteGlobalIDString = D5F08A20259C68C000EAB8F9;
			remoteInfo = AzureCommunicationSignaling;
		};
		D5B6739425BEBE8D00CC426E /* PBXContainerItemProxy */ = {
			isa = PBXContainerItemProxy;
			containerPortal = D51B549025B80E0D00B78904 /* AzureCommunicationSignaling.xcodeproj */;
			proxyType = 1;
			remoteGlobalIDString = D5F08A1F259C68C000EAB8F9;
			remoteInfo = AzureCommunicationSignaling;
		};
/* End PBXContainerItemProxy section */

/* Begin PBXFileReference section */
		04B336EEF1E42CCE389E4935 /* Pods-AzureCommunicationChat.release.xcconfig */ = {isa = PBXFileReference; includeInIndex = 1; lastKnownFileType = text.xcconfig; name = "Pods-AzureCommunicationChat.release.xcconfig"; path = "Target Support Files/Pods-AzureCommunicationChat/Pods-AzureCommunicationChat.release.xcconfig"; sourceTree = "<group>"; };
		0ECA8CD1258181A5006760F7 /* ChatClientUnitTests.swift */ = {isa = PBXFileReference; fileEncoding = 4; lastKnownFileType = sourcecode.swift; path = ChatClientUnitTests.swift; sourceTree = "<group>"; };
		0ECA8CDE258188D0006760F7 /* GetThreadResponse.json */ = {isa = PBXFileReference; fileEncoding = 4; lastKnownFileType = text.json; path = GetThreadResponse.json; sourceTree = "<group>"; };
		0ECA8CEA2582A52D006760F7 /* UnauthorizedError.json */ = {isa = PBXFileReference; fileEncoding = 4; lastKnownFileType = text.json; path = UnauthorizedError.json; sourceTree = "<group>"; };
		0ECA8CF02582A633006760F7 /* ListThreadsResponse.json */ = {isa = PBXFileReference; fileEncoding = 4; lastKnownFileType = text.json; path = ListThreadsResponse.json; sourceTree = "<group>"; };
		0ECA8D08258432DC006760F7 /* ChatThreadClientUnitTests.swift */ = {isa = PBXFileReference; fileEncoding = 4; lastKnownFileType = sourcecode.swift; path = ChatThreadClientUnitTests.swift; sourceTree = "<group>"; };
		0ECA8D0E25888515006760F7 /* NoContent.json */ = {isa = PBXFileReference; fileEncoding = 4; lastKnownFileType = text.json; path = NoContent.json; sourceTree = "<group>"; };
		0ECA8D0F25888515006760F7 /* SendMessageResponse.json */ = {isa = PBXFileReference; fileEncoding = 4; lastKnownFileType = text.json; path = SendMessageResponse.json; sourceTree = "<group>"; };
		0ECA8D1625888667006760F7 /* GetMessageResponse.json */ = {isa = PBXFileReference; fileEncoding = 4; lastKnownFileType = text.json; path = GetMessageResponse.json; sourceTree = "<group>"; };
		0ECA8D1C258887D3006760F7 /* ListMessagesResponse.json */ = {isa = PBXFileReference; fileEncoding = 4; lastKnownFileType = text.json; path = ListMessagesResponse.json; sourceTree = "<group>"; };
		0ECA8D2225888DD8006760F7 /* ListParticipantsResponse.json */ = {isa = PBXFileReference; fileEncoding = 4; lastKnownFileType = text.json; path = ListParticipantsResponse.json; sourceTree = "<group>"; };
		0ECA8D28258892CD006760F7 /* AddParticipantResponse.json */ = {isa = PBXFileReference; fileEncoding = 4; lastKnownFileType = text.json; path = AddParticipantResponse.json; sourceTree = "<group>"; };
		0ECA8D2E25889619006760F7 /* ListReadReceiptResponse.json */ = {isa = PBXFileReference; fileEncoding = 4; lastKnownFileType = text.json; path = ListReadReceiptResponse.json; sourceTree = "<group>"; };
		2CB55B558C70B4045A54487D /* Pods-AzureCommunicationChatTests.debug.xcconfig */ = {isa = PBXFileReference; includeInIndex = 1; lastKnownFileType = text.xcconfig; name = "Pods-AzureCommunicationChatTests.debug.xcconfig"; path = "Target Support Files/Pods-AzureCommunicationChatTests/Pods-AzureCommunicationChatTests.debug.xcconfig"; sourceTree = "<group>"; };
		8E5206D2E09378DA0F9FD0E4 /* Pods-AzureCommunicationChatTests.release.xcconfig */ = {isa = PBXFileReference; includeInIndex = 1; lastKnownFileType = text.xcconfig; name = "Pods-AzureCommunicationChatTests.release.xcconfig"; path = "Target Support Files/Pods-AzureCommunicationChatTests/Pods-AzureCommunicationChatTests.release.xcconfig"; sourceTree = "<group>"; };
		9FE998BEC9685C476F2AFD1C /* Pods-AzureCommunicationChat.debug.xcconfig */ = {isa = PBXFileReference; includeInIndex = 1; lastKnownFileType = text.xcconfig; name = "Pods-AzureCommunicationChat.debug.xcconfig"; path = "Target Support Files/Pods-AzureCommunicationChat/Pods-AzureCommunicationChat.debug.xcconfig"; sourceTree = "<group>"; };
		"AzureCommunicationChat::AzureCommunicationChat::Product" /* AzureCommunicationChat.framework */ = {isa = PBXFileReference; explicitFileType = wrapper.framework; path = AzureCommunicationChat.framework; sourceTree = BUILT_PRODUCTS_DIR; };
		D10C3BCD25A63F7800A181E3 /* listParticipants.json */ = {isa = PBXFileReference; fileEncoding = 4; lastKnownFileType = text.json; path = listParticipants.json; sourceTree = "<group>"; };
		D10C3BD325A660AF00A181E3 /* listMessages.json */ = {isa = PBXFileReference; fileEncoding = 4; lastKnownFileType = text.json; path = listMessages.json; sourceTree = "<group>"; };
		D10C3BD925A66D4D00A181E3 /* listThreads.json */ = {isa = PBXFileReference; fileEncoding = 4; lastKnownFileType = text.json; path = listThreads.json; sourceTree = "<group>"; };
		D110F506258D603F001FA3CD /* AzureCommunication.framework */ = {isa = PBXFileReference; explicitFileType = wrapper.framework; path = AzureCommunication.framework; sourceTree = BUILT_PRODUCTS_DIR; };
		D110F509258D604B001FA3CD /* AzureCore.framework */ = {isa = PBXFileReference; explicitFileType = wrapper.framework; path = AzureCore.framework; sourceTree = BUILT_PRODUCTS_DIR; };
		D110F50B258D6053001FA3CD /* Pods_AzureCommunicationChat.framework */ = {isa = PBXFileReference; explicitFileType = wrapper.framework; path = Pods_AzureCommunicationChat.framework; sourceTree = BUILT_PRODUCTS_DIR; };
		D1565C70256DB74900AF45F8 /* ChatClient.swift */ = {isa = PBXFileReference; lastKnownFileType = sourcecode.swift; path = ChatClient.swift; sourceTree = "<group>"; };
		D1565C73256DB76C00AF45F8 /* ChatThreadClient.swift */ = {isa = PBXFileReference; lastKnownFileType = sourcecode.swift; path = ChatThreadClient.swift; sourceTree = "<group>"; };
		D15E98CA25B7C80C00E63DB2 /* AzureCommunicationChatClient.swift */ = {isa = PBXFileReference; fileEncoding = 4; lastKnownFileType = sourcecode.swift; path = AzureCommunicationChatClient.swift; sourceTree = "<group>"; };
		D15E98CC25B7C80C00E63DB2 /* ChatThreadOperation+AddChatParticipantsOptions.swift */ = {isa = PBXFileReference; fileEncoding = 4; lastKnownFileType = sourcecode.swift; path = "ChatThreadOperation+AddChatParticipantsOptions.swift"; sourceTree = "<group>"; };
		D15E98CD25B7C80C00E63DB2 /* ChatThreadOperation+ListChatReadReceiptsOptions.swift */ = {isa = PBXFileReference; fileEncoding = 4; lastKnownFileType = sourcecode.swift; path = "ChatThreadOperation+ListChatReadReceiptsOptions.swift"; sourceTree = "<group>"; };
		D15E98CE25B7C80C00E63DB2 /* ChatThreadOperation+UpdateChatMessageOptions.swift */ = {isa = PBXFileReference; fileEncoding = 4; lastKnownFileType = sourcecode.swift; path = "ChatThreadOperation+UpdateChatMessageOptions.swift"; sourceTree = "<group>"; };
		D15E98CF25B7C80C00E63DB2 /* Chat+ListChatThreadsOptions.swift */ = {isa = PBXFileReference; fileEncoding = 4; lastKnownFileType = sourcecode.swift; path = "Chat+ListChatThreadsOptions.swift"; sourceTree = "<group>"; };
		D15E98D025B7C80C00E63DB2 /* Chat+DeleteChatThreadOptions.swift */ = {isa = PBXFileReference; fileEncoding = 4; lastKnownFileType = sourcecode.swift; path = "Chat+DeleteChatThreadOptions.swift"; sourceTree = "<group>"; };
		D15E98D125B7C80C00E63DB2 /* AzureCommunicationChatClientOptions.swift */ = {isa = PBXFileReference; fileEncoding = 4; lastKnownFileType = sourcecode.swift; path = AzureCommunicationChatClientOptions.swift; sourceTree = "<group>"; };
		D15E98D225B7C80C00E63DB2 /* ChatThreadOperation+SendChatMessageOptions.swift */ = {isa = PBXFileReference; fileEncoding = 4; lastKnownFileType = sourcecode.swift; path = "ChatThreadOperation+SendChatMessageOptions.swift"; sourceTree = "<group>"; };
		D15E98D325B7C80C00E63DB2 /* ChatThreadOperation+SendChatReadReceiptOptions.swift */ = {isa = PBXFileReference; fileEncoding = 4; lastKnownFileType = sourcecode.swift; path = "ChatThreadOperation+SendChatReadReceiptOptions.swift"; sourceTree = "<group>"; };
		D15E98D425B7C80C00E63DB2 /* ChatThreadOperation+RemoveChatParticipantOptions.swift */ = {isa = PBXFileReference; fileEncoding = 4; lastKnownFileType = sourcecode.swift; path = "ChatThreadOperation+RemoveChatParticipantOptions.swift"; sourceTree = "<group>"; };
		D15E98D525B7C80C00E63DB2 /* ChatThreadOperation+UpdateChatThreadOptions.swift */ = {isa = PBXFileReference; fileEncoding = 4; lastKnownFileType = sourcecode.swift; path = "ChatThreadOperation+UpdateChatThreadOptions.swift"; sourceTree = "<group>"; };
		D15E98D625B7C80C00E63DB2 /* Chat+CreateChatThreadOptions.swift */ = {isa = PBXFileReference; fileEncoding = 4; lastKnownFileType = sourcecode.swift; path = "Chat+CreateChatThreadOptions.swift"; sourceTree = "<group>"; };
		D15E98D725B7C80C00E63DB2 /* ChatThreadOperation+SendTypingNotificationOptions.swift */ = {isa = PBXFileReference; fileEncoding = 4; lastKnownFileType = sourcecode.swift; path = "ChatThreadOperation+SendTypingNotificationOptions.swift"; sourceTree = "<group>"; };
		D15E98D825B7C80C00E63DB2 /* ChatThreadOperation+DeleteChatMessageOptions.swift */ = {isa = PBXFileReference; fileEncoding = 4; lastKnownFileType = sourcecode.swift; path = "ChatThreadOperation+DeleteChatMessageOptions.swift"; sourceTree = "<group>"; };
		D15E98D925B7C80C00E63DB2 /* ChatThreadOperation+ListChatMessagesOptions.swift */ = {isa = PBXFileReference; fileEncoding = 4; lastKnownFileType = sourcecode.swift; path = "ChatThreadOperation+ListChatMessagesOptions.swift"; sourceTree = "<group>"; };
		D15E98DA25B7C80C00E63DB2 /* ChatThreadOperation+GetChatMessageOptions.swift */ = {isa = PBXFileReference; fileEncoding = 4; lastKnownFileType = sourcecode.swift; path = "ChatThreadOperation+GetChatMessageOptions.swift"; sourceTree = "<group>"; };
		D15E98DB25B7C80C00E63DB2 /* Chat+GetChatThreadOptions.swift */ = {isa = PBXFileReference; fileEncoding = 4; lastKnownFileType = sourcecode.swift; path = "Chat+GetChatThreadOptions.swift"; sourceTree = "<group>"; };
		D15E98DC25B7C80C00E63DB2 /* ChatThreadOperation+ListChatParticipantsOptions.swift */ = {isa = PBXFileReference; fileEncoding = 4; lastKnownFileType = sourcecode.swift; path = "ChatThreadOperation+ListChatParticipantsOptions.swift"; sourceTree = "<group>"; };
		D15E98DE25B7C80C00E63DB2 /* PatchUtil.swift */ = {isa = PBXFileReference; fileEncoding = 4; lastKnownFileType = sourcecode.swift; path = PatchUtil.swift; sourceTree = "<group>"; };
		D15E98DF25B7C80C00E63DB2 /* Chat.swift */ = {isa = PBXFileReference; fileEncoding = 4; lastKnownFileType = sourcecode.swift; path = Chat.swift; sourceTree = "<group>"; };
		D15E98E125B7C80C00E63DB2 /* AddChatParticipantsErrors.swift */ = {isa = PBXFileReference; fileEncoding = 4; lastKnownFileType = sourcecode.swift; path = AddChatParticipantsErrors.swift; sourceTree = "<group>"; };
		D15E98E225B7C80C00E63DB2 /* CommunicationError.swift */ = {isa = PBXFileReference; fileEncoding = 4; lastKnownFileType = sourcecode.swift; path = CommunicationError.swift; sourceTree = "<group>"; };
		D15E98E325B7C80C00E63DB2 /* SendChatMessageRequest.swift */ = {isa = PBXFileReference; fileEncoding = 4; lastKnownFileType = sourcecode.swift; path = SendChatMessageRequest.swift; sourceTree = "<group>"; };
		D15E98E425B7C80C00E63DB2 /* ChatMessageContent.swift */ = {isa = PBXFileReference; fileEncoding = 4; lastKnownFileType = sourcecode.swift; path = ChatMessageContent.swift; sourceTree = "<group>"; };
		D15E98E525B7C80C00E63DB2 /* UpdateChatThreadRequest.swift */ = {isa = PBXFileReference; fileEncoding = 4; lastKnownFileType = sourcecode.swift; path = UpdateChatThreadRequest.swift; sourceTree = "<group>"; };
		D15E98E625B7C80C00E63DB2 /* ChatMessage.swift */ = {isa = PBXFileReference; fileEncoding = 4; lastKnownFileType = sourcecode.swift; path = ChatMessage.swift; sourceTree = "<group>"; };
		D15E98E725B7C80C00E63DB2 /* ChatMessagesCollection.swift */ = {isa = PBXFileReference; fileEncoding = 4; lastKnownFileType = sourcecode.swift; path = ChatMessagesCollection.swift; sourceTree = "<group>"; };
		D15E98E825B7C80C00E63DB2 /* CreateChatThreadErrors.swift */ = {isa = PBXFileReference; fileEncoding = 4; lastKnownFileType = sourcecode.swift; path = CreateChatThreadErrors.swift; sourceTree = "<group>"; };
		D15E98E925B7C80C00E63DB2 /* ChatMessageReadReceipt.swift */ = {isa = PBXFileReference; fileEncoding = 4; lastKnownFileType = sourcecode.swift; path = ChatMessageReadReceipt.swift; sourceTree = "<group>"; };
		D15E98EA25B7C80C00E63DB2 /* CreateChatThreadRequest.swift */ = {isa = PBXFileReference; fileEncoding = 4; lastKnownFileType = sourcecode.swift; path = CreateChatThreadRequest.swift; sourceTree = "<group>"; };
		D15E98EB25B7C80C00E63DB2 /* CommunicationErrorResponse.swift */ = {isa = PBXFileReference; fileEncoding = 4; lastKnownFileType = sourcecode.swift; path = CommunicationErrorResponse.swift; sourceTree = "<group>"; };
		D15E98EC25B7C80C00E63DB2 /* Enumerations.swift */ = {isa = PBXFileReference; fileEncoding = 4; lastKnownFileType = sourcecode.swift; path = Enumerations.swift; sourceTree = "<group>"; };
		D15E98ED25B7C80C00E63DB2 /* AddChatParticipantsResult.swift */ = {isa = PBXFileReference; fileEncoding = 4; lastKnownFileType = sourcecode.swift; path = AddChatParticipantsResult.swift; sourceTree = "<group>"; };
		D15E98EE25B7C80C00E63DB2 /* ChatMessageReadReceiptsCollection.swift */ = {isa = PBXFileReference; fileEncoding = 4; lastKnownFileType = sourcecode.swift; path = ChatMessageReadReceiptsCollection.swift; sourceTree = "<group>"; };
		D15E98EF25B7C80C00E63DB2 /* ChatThreadsInfoCollection.swift */ = {isa = PBXFileReference; fileEncoding = 4; lastKnownFileType = sourcecode.swift; path = ChatThreadsInfoCollection.swift; sourceTree = "<group>"; };
		D15E98F025B7C80C00E63DB2 /* ChatThread.swift */ = {isa = PBXFileReference; fileEncoding = 4; lastKnownFileType = sourcecode.swift; path = ChatThread.swift; sourceTree = "<group>"; };
		D15E98F125B7C80C00E63DB2 /* UpdateChatMessageRequest.swift */ = {isa = PBXFileReference; fileEncoding = 4; lastKnownFileType = sourcecode.swift; path = UpdateChatMessageRequest.swift; sourceTree = "<group>"; };
		D15E98F225B7C80C00E63DB2 /* CreateChatThreadResult.swift */ = {isa = PBXFileReference; fileEncoding = 4; lastKnownFileType = sourcecode.swift; path = CreateChatThreadResult.swift; sourceTree = "<group>"; };
		D15E98F325B7C80C00E63DB2 /* SendReadReceiptRequest.swift */ = {isa = PBXFileReference; fileEncoding = 4; lastKnownFileType = sourcecode.swift; path = SendReadReceiptRequest.swift; sourceTree = "<group>"; };
		D15E98F425B7C80C00E63DB2 /* ChatThreadInfo.swift */ = {isa = PBXFileReference; fileEncoding = 4; lastKnownFileType = sourcecode.swift; path = ChatThreadInfo.swift; sourceTree = "<group>"; };
		D15E98F525B7C80C00E63DB2 /* SendChatMessageResult.swift */ = {isa = PBXFileReference; fileEncoding = 4; lastKnownFileType = sourcecode.swift; path = SendChatMessageResult.swift; sourceTree = "<group>"; };
		D15E98F625B7C80C00E63DB2 /* AddChatParticipantsRequest.swift */ = {isa = PBXFileReference; fileEncoding = 4; lastKnownFileType = sourcecode.swift; path = AddChatParticipantsRequest.swift; sourceTree = "<group>"; };
		D15E98F725B7C80C00E63DB2 /* ChatParticipant.swift */ = {isa = PBXFileReference; fileEncoding = 4; lastKnownFileType = sourcecode.swift; path = ChatParticipant.swift; sourceTree = "<group>"; };
		D15E98F825B7C80C00E63DB2 /* ChatParticipantsCollection.swift */ = {isa = PBXFileReference; fileEncoding = 4; lastKnownFileType = sourcecode.swift; path = ChatParticipantsCollection.swift; sourceTree = "<group>"; };
		D15E98F925B7C80C00E63DB2 /* ChatThreadOperation.swift */ = {isa = PBXFileReference; fileEncoding = 4; lastKnownFileType = sourcecode.swift; path = ChatThreadOperation.swift; sourceTree = "<group>"; };
		D1B7EAED257F02FC004F384A /* AzureCommunicationChatTests.xctest */ = {isa = PBXFileReference; explicitFileType = wrapper.cfbundle; includeInIndex = 0; path = AzureCommunicationChatTests.xctest; sourceTree = BUILT_PRODUCTS_DIR; };
		D1B7EAFC257F03A1004F384A /* Info.plist */ = {isa = PBXFileReference; lastKnownFileType = text.plist.xml; path = Info.plist; sourceTree = "<group>"; };
		D1BA104525807B0B00CA7130 /* CreateThreadResponse.json */ = {isa = PBXFileReference; lastKnownFileType = text.json; path = CreateThreadResponse.json; sourceTree = "<group>"; };
		D1CD93A1258D6BC700409613 /* ChatClientTests.swift */ = {isa = PBXFileReference; lastKnownFileType = sourcecode.swift; path = ChatClientTests.swift; sourceTree = "<group>"; };
		D1CD93A7258D6BDC00409613 /* ChatThreadClientTests.swift */ = {isa = PBXFileReference; lastKnownFileType = sourcecode.swift; path = ChatThreadClientTests.swift; sourceTree = "<group>"; };
		D1CD93AC258D6C2500409613 /* RecordingUtil.swift */ = {isa = PBXFileReference; lastKnownFileType = sourcecode.swift; path = RecordingUtil.swift; sourceTree = "<group>"; };
		D1CD93B2258D6C3D00409613 /* TestUtil.swift */ = {isa = PBXFileReference; lastKnownFileType = sourcecode.swift; path = TestUtil.swift; sourceTree = "<group>"; };
		D1CD93BD258D6E6200409613 /* addParticipants.json */ = {isa = PBXFileReference; lastKnownFileType = text.json; path = addParticipants.json; sourceTree = "<group>"; };
		D1CD93C3258D6E7300409613 /* createThread.json */ = {isa = PBXFileReference; lastKnownFileType = text.json; path = createThread.json; sourceTree = "<group>"; };
		D1CD93C7258D6E8F00409613 /* deleteMessage.json */ = {isa = PBXFileReference; lastKnownFileType = text.json; path = deleteMessage.json; sourceTree = "<group>"; };
		D1CD93CB258D6E9E00409613 /* deleteThread.json */ = {isa = PBXFileReference; lastKnownFileType = text.json; path = deleteThread.json; sourceTree = "<group>"; };
		D1CD93CF258D6EAB00409613 /* getThread.json */ = {isa = PBXFileReference; lastKnownFileType = text.json; path = getThread.json; sourceTree = "<group>"; };
		D1CD93D7258D6ECD00409613 /* removeParticipant.json */ = {isa = PBXFileReference; lastKnownFileType = text.json; path = removeParticipant.json; sourceTree = "<group>"; };
		D1CD93DB258D6EDA00409613 /* sendMessage.json */ = {isa = PBXFileReference; lastKnownFileType = text.json; path = sendMessage.json; sourceTree = "<group>"; };
		D1CD93DF258D6EEA00409613 /* sendReadReceipt.json */ = {isa = PBXFileReference; lastKnownFileType = text.json; path = sendReadReceipt.json; sourceTree = "<group>"; };
		D1CD93E3258D6EF700409613 /* sendTypingNotification.json */ = {isa = PBXFileReference; lastKnownFileType = text.json; path = sendTypingNotification.json; sourceTree = "<group>"; };
		D1CD93E7258D6F0600409613 /* updateMessage.json */ = {isa = PBXFileReference; lastKnownFileType = text.json; path = updateMessage.json; sourceTree = "<group>"; };
		D1CD93EB258D6F1300409613 /* updateTopic.json */ = {isa = PBXFileReference; lastKnownFileType = text.json; path = updateTopic.json; sourceTree = "<group>"; };
		D1E3568C257EBA1800E66A66 /* swagger.json */ = {isa = PBXFileReference; fileEncoding = 4; lastKnownFileType = text.json; path = swagger.json; sourceTree = "<group>"; };
		D50EC0E625A9322900FA1177 /* SignalingClient.swift */ = {isa = PBXFileReference; fileEncoding = 4; lastKnownFileType = sourcecode.swift; path = SignalingClient.swift; sourceTree = "<group>"; };
		D51B549025B80E0D00B78904 /* AzureCommunicationSignaling.xcodeproj */ = {isa = PBXFileReference; lastKnownFileType = "wrapper.pb-project"; name = AzureCommunicationSignaling.xcodeproj; path = Source/signaling/AzureCommunicationSignaling/AzureCommunicationSignaling.xcodeproj; sourceTree = "<group>"; };
		F1FE3013E797A134E8A6C3B5 /* Pods_AzureCommunicationChatTests.framework */ = {isa = PBXFileReference; explicitFileType = wrapper.framework; includeInIndex = 0; path = Pods_AzureCommunicationChatTests.framework; sourceTree = BUILT_PRODUCTS_DIR; };
/* End PBXFileReference section */

/* Begin PBXFrameworksBuildPhase section */
		D1B7EAEA257F02FC004F384A /* Frameworks */ = {
			isa = PBXFrameworksBuildPhase;
			buildActionMask = 2147483647;
			files = (
				D1B7EB06257F0D20004F384A /* AzureCommunicationChat.framework in Frameworks */,
				D1BA104D25807B7500CA7130 /* OHHTTPStubsSwift in Frameworks */,
				9766BE9261FCB48436FA6682 /* Pods_AzureCommunicationChatTests.framework in Frameworks */,
			);
			runOnlyForDeploymentPostprocessing = 0;
		};
		OBJ_161 /* Frameworks */ = {
			isa = PBXFrameworksBuildPhase;
			buildActionMask = 0;
			files = (
				D110F50C258D6053001FA3CD /* Pods_AzureCommunicationChat.framework in Frameworks */,
				D110F50A258D604B001FA3CD /* AzureCore.framework in Frameworks */,
				D110F507258D603F001FA3CD /* AzureCommunication.framework in Frameworks */,
			);
			runOnlyForDeploymentPostprocessing = 0;
		};
/* End PBXFrameworksBuildPhase section */

/* Begin PBXGroup section */
		0A74765A2522918800819FC9 /* Frameworks */ = {
			isa = PBXGroup;
			children = (
				D110F50B258D6053001FA3CD /* Pods_AzureCommunicationChat.framework */,
				D110F509258D604B001FA3CD /* AzureCore.framework */,
				D110F506258D603F001FA3CD /* AzureCommunication.framework */,
				F1FE3013E797A134E8A6C3B5 /* Pods_AzureCommunicationChatTests.framework */,
			);
			name = Frameworks;
			sourceTree = "<group>";
		};
		0ECA8CD52581838E006760F7 /* Mocks */ = {
			isa = PBXGroup;
			children = (
				0ECA8D2E25889619006760F7 /* ListReadReceiptResponse.json */,
				0ECA8D28258892CD006760F7 /* AddParticipantResponse.json */,
				0ECA8D2225888DD8006760F7 /* ListParticipantsResponse.json */,
				0ECA8D1C258887D3006760F7 /* ListMessagesResponse.json */,
				0ECA8D1625888667006760F7 /* GetMessageResponse.json */,
				0ECA8D0E25888515006760F7 /* NoContent.json */,
				0ECA8D0F25888515006760F7 /* SendMessageResponse.json */,
				0ECA8CF02582A633006760F7 /* ListThreadsResponse.json */,
				0ECA8CEA2582A52D006760F7 /* UnauthorizedError.json */,
				0ECA8CDE258188D0006760F7 /* GetThreadResponse.json */,
				D1BA104525807B0B00CA7130 /* CreateThreadResponse.json */,
			);
			path = Mocks;
			sourceTree = "<group>";
		};
		A4D0748296D3AEEA8C0DAB94 /* Pods */ = {
			isa = PBXGroup;
			children = (
				9FE998BEC9685C476F2AFD1C /* Pods-AzureCommunicationChat.debug.xcconfig */,
				04B336EEF1E42CCE389E4935 /* Pods-AzureCommunicationChat.release.xcconfig */,
				2CB55B558C70B4045A54487D /* Pods-AzureCommunicationChatTests.debug.xcconfig */,
				8E5206D2E09378DA0F9FD0E4 /* Pods-AzureCommunicationChatTests.release.xcconfig */,
			);
			name = Pods;
			path = ../../../Pods;
			sourceTree = "<group>";
		};
		D15E98C925B7C80C00E63DB2 /* Generated */ = {
			isa = PBXGroup;
			children = (
				D15E98CA25B7C80C00E63DB2 /* AzureCommunicationChatClient.swift */,
				D15E98CB25B7C80C00E63DB2 /* Options */,
				D15E98DD25B7C80C00E63DB2 /* Util */,
				D15E98DF25B7C80C00E63DB2 /* Chat.swift */,
				D15E98E025B7C80C00E63DB2 /* Models */,
				D15E98F925B7C80C00E63DB2 /* ChatThreadOperation.swift */,
			);
			path = Generated;
			sourceTree = "<group>";
		};
		D15E98CB25B7C80C00E63DB2 /* Options */ = {
			isa = PBXGroup;
			children = (
				D15E98CC25B7C80C00E63DB2 /* ChatThreadOperation+AddChatParticipantsOptions.swift */,
				D15E98CD25B7C80C00E63DB2 /* ChatThreadOperation+ListChatReadReceiptsOptions.swift */,
				D15E98CE25B7C80C00E63DB2 /* ChatThreadOperation+UpdateChatMessageOptions.swift */,
				D15E98CF25B7C80C00E63DB2 /* Chat+ListChatThreadsOptions.swift */,
				D15E98D025B7C80C00E63DB2 /* Chat+DeleteChatThreadOptions.swift */,
				D15E98D125B7C80C00E63DB2 /* AzureCommunicationChatClientOptions.swift */,
				D15E98D225B7C80C00E63DB2 /* ChatThreadOperation+SendChatMessageOptions.swift */,
				D15E98D325B7C80C00E63DB2 /* ChatThreadOperation+SendChatReadReceiptOptions.swift */,
				D15E98D425B7C80C00E63DB2 /* ChatThreadOperation+RemoveChatParticipantOptions.swift */,
				D15E98D525B7C80C00E63DB2 /* ChatThreadOperation+UpdateChatThreadOptions.swift */,
				D15E98D625B7C80C00E63DB2 /* Chat+CreateChatThreadOptions.swift */,
				D15E98D725B7C80C00E63DB2 /* ChatThreadOperation+SendTypingNotificationOptions.swift */,
				D15E98D825B7C80C00E63DB2 /* ChatThreadOperation+DeleteChatMessageOptions.swift */,
				D15E98D925B7C80C00E63DB2 /* ChatThreadOperation+ListChatMessagesOptions.swift */,
				D15E98DA25B7C80C00E63DB2 /* ChatThreadOperation+GetChatMessageOptions.swift */,
				D15E98DB25B7C80C00E63DB2 /* Chat+GetChatThreadOptions.swift */,
				D15E98DC25B7C80C00E63DB2 /* ChatThreadOperation+ListChatParticipantsOptions.swift */,
			);
			path = Options;
			sourceTree = "<group>";
		};
		D15E98DD25B7C80C00E63DB2 /* Util */ = {
			isa = PBXGroup;
			children = (
				D15E98DE25B7C80C00E63DB2 /* PatchUtil.swift */,
			);
			path = Util;
			sourceTree = "<group>";
		};
		D15E98E025B7C80C00E63DB2 /* Models */ = {
			isa = PBXGroup;
			children = (
				D15E98E125B7C80C00E63DB2 /* AddChatParticipantsErrors.swift */,
				D15E98E225B7C80C00E63DB2 /* CommunicationError.swift */,
				D15E98E325B7C80C00E63DB2 /* SendChatMessageRequest.swift */,
				D15E98E425B7C80C00E63DB2 /* ChatMessageContent.swift */,
				D15E98E525B7C80C00E63DB2 /* UpdateChatThreadRequest.swift */,
				D15E98E625B7C80C00E63DB2 /* ChatMessage.swift */,
				D15E98E725B7C80C00E63DB2 /* ChatMessagesCollection.swift */,
				D15E98E825B7C80C00E63DB2 /* CreateChatThreadErrors.swift */,
				D15E98E925B7C80C00E63DB2 /* ChatMessageReadReceipt.swift */,
				D15E98EA25B7C80C00E63DB2 /* CreateChatThreadRequest.swift */,
				D15E98EB25B7C80C00E63DB2 /* CommunicationErrorResponse.swift */,
				D15E98EC25B7C80C00E63DB2 /* Enumerations.swift */,
				D15E98ED25B7C80C00E63DB2 /* AddChatParticipantsResult.swift */,
				D15E98EE25B7C80C00E63DB2 /* ChatMessageReadReceiptsCollection.swift */,
				D15E98EF25B7C80C00E63DB2 /* ChatThreadsInfoCollection.swift */,
				D15E98F025B7C80C00E63DB2 /* ChatThread.swift */,
				D15E98F125B7C80C00E63DB2 /* UpdateChatMessageRequest.swift */,
				D15E98F225B7C80C00E63DB2 /* CreateChatThreadResult.swift */,
				D15E98F325B7C80C00E63DB2 /* SendReadReceiptRequest.swift */,
				D15E98F425B7C80C00E63DB2 /* ChatThreadInfo.swift */,
				D15E98F525B7C80C00E63DB2 /* SendChatMessageResult.swift */,
				D15E98F625B7C80C00E63DB2 /* AddChatParticipantsRequest.swift */,
				D15E98F725B7C80C00E63DB2 /* ChatParticipant.swift */,
				D15E98F825B7C80C00E63DB2 /* ChatParticipantsCollection.swift */,
			);
			path = Models;
			sourceTree = "<group>";
		};
		D1B7EAFA257F03A1004F384A /* Tests */ = {
			isa = PBXGroup;
			children = (
				D1CD93AB258D6C0300409613 /* Util */,
				D1B7EAFC257F03A1004F384A /* Info.plist */,
				0ECA8CD1258181A5006760F7 /* ChatClientUnitTests.swift */,
				0ECA8D08258432DC006760F7 /* ChatThreadClientUnitTests.swift */,
				D1CD93A1258D6BC700409613 /* ChatClientTests.swift */,
				D1CD93A7258D6BDC00409613 /* ChatThreadClientTests.swift */,
			);
			path = Tests;
			sourceTree = "<group>";
		};
		D1CD93AB258D6C0300409613 /* Util */ = {
			isa = PBXGroup;
			children = (
				D1CD93BC258D6E3500409613 /* Recordings */,
				0ECA8CD52581838E006760F7 /* Mocks */,
				D1CD93AC258D6C2500409613 /* RecordingUtil.swift */,
				D1CD93B2258D6C3D00409613 /* TestUtil.swift */,
			);
			path = Util;
			sourceTree = "<group>";
		};
		D1CD93BC258D6E3500409613 /* Recordings */ = {
			isa = PBXGroup;
			children = (
				D10C3BD925A66D4D00A181E3 /* listThreads.json */,
				D10C3BD325A660AF00A181E3 /* listMessages.json */,
				D10C3BCD25A63F7800A181E3 /* listParticipants.json */,
				D1CD93BD258D6E6200409613 /* addParticipants.json */,
				D1CD93C3258D6E7300409613 /* createThread.json */,
				D1CD93C7258D6E8F00409613 /* deleteMessage.json */,
				D1CD93CB258D6E9E00409613 /* deleteThread.json */,
				D1CD93CF258D6EAB00409613 /* getThread.json */,
				D1CD93D7258D6ECD00409613 /* removeParticipant.json */,
				D1CD93DB258D6EDA00409613 /* sendMessage.json */,
				D1CD93DF258D6EEA00409613 /* sendReadReceipt.json */,
				D1CD93E3258D6EF700409613 /* sendTypingNotification.json */,
				D1CD93E7258D6F0600409613 /* updateMessage.json */,
				D1CD93EB258D6F1300409613 /* updateTopic.json */,
			);
			path = Recordings;
			sourceTree = "<group>";
		};
		D1E3568B257EBA1800E66A66 /* Swagger */ = {
			isa = PBXGroup;
			children = (
				D1E3568C257EBA1800E66A66 /* swagger.json */,
			);
			path = Swagger;
			sourceTree = "<group>";
		};
		OBJ_113 /* Products */ = {
			isa = PBXGroup;
			children = (
				"AzureCommunicationChat::AzureCommunicationChat::Product" /* AzureCommunicationChat.framework */,
				D1B7EAED257F02FC004F384A /* AzureCommunicationChatTests.xctest */,
			);
			name = Products;
			sourceTree = BUILT_PRODUCTS_DIR;
		};
		OBJ_5 = {
			isa = PBXGroup;
			children = (
				D51B549025B80E0D00B78904 /* AzureCommunicationSignaling.xcodeproj */,
				OBJ_7 /* Sources */,
				D1B7EAFA257F03A1004F384A /* Tests */,
				OBJ_113 /* Products */,
				0A74765A2522918800819FC9 /* Frameworks */,
				A4D0748296D3AEEA8C0DAB94 /* Pods */,
			);
			sourceTree = "<group>";
		};
		OBJ_7 /* Sources */ = {
			isa = PBXGroup;
			children = (
				D50EC0E525A9321D00FA1177 /* signaling */,
				D1565C70256DB74900AF45F8 /* ChatClient.swift */,
				D1565C73256DB76C00AF45F8 /* ChatThreadClient.swift */,
				D15E98C925B7C80C00E63DB2 /* Generated */,
				D1E3568B257EBA1800E66A66 /* Swagger */,
			);
			name = Sources;
			path = Source;
			sourceTree = SOURCE_ROOT;
		};
/* End PBXGroup section */

/* Begin PBXNativeTarget section */
		"AzureCommunicationChat::AzureCommunicationChat" /* AzureCommunicationChat */ = {
			isa = PBXNativeTarget;
			buildConfigurationList = OBJ_117 /* Build configuration list for PBXNativeTarget "AzureCommunicationChat" */;
			buildPhases = (
				F533BDB375922B2AE143D56C /* [CP] Check Pods Manifest.lock */,
				OBJ_120 /* Sources */,
				OBJ_161 /* Frameworks */,
				0ADDCFDA258D2AA900BD5E58 /* Format and Lint */,
			);
			buildRules = (
			);
			dependencies = (
				D5B6739525BEBE8D00CC426E /* PBXTargetDependency */,
			);
			name = AzureCommunicationChat;
			productName = AzureCommunicationChat;
			productReference = "AzureCommunicationChat::AzureCommunicationChat::Product" /* AzureCommunicationChat.framework */;
			productType = "com.apple.product-type.framework";
		};
		D1B7EAEC257F02FC004F384A /* AzureCommunicationChatTests */ = {
			isa = PBXNativeTarget;
			buildConfigurationList = D1B7EAF2257F02FC004F384A /* Build configuration list for PBXNativeTarget "AzureCommunicationChatTests" */;
			buildPhases = (
				54BA66082A36E067F3B5A4A1 /* [CP] Check Pods Manifest.lock */,
				D1B7EAE9257F02FC004F384A /* Sources */,
				D1B7EAEA257F02FC004F384A /* Frameworks */,
				D1B7EAEB257F02FC004F384A /* Resources */,
				445ADB16537FA45018DDA5D2 /* [CP] Embed Pods Frameworks */,
			);
			buildRules = (
			);
			dependencies = (
				D1CD936D258D688D00409613 /* PBXTargetDependency */,
			);
			name = AzureCommunicationChatTests;
			packageProductDependencies = (
				D1BA104C25807B7500CA7130 /* OHHTTPStubsSwift */,
			);
			productName = AzureCommunicationChatTests;
			productReference = D1B7EAED257F02FC004F384A /* AzureCommunicationChatTests.xctest */;
			productType = "com.apple.product-type.bundle.unit-test";
		};
/* End PBXNativeTarget section */

/* Begin PBXProject section */
		OBJ_1 /* Project object */ = {
			isa = PBXProject;
			attributes = {
				LastSwiftMigration = 9999;
				LastSwiftUpdateCheck = 1220;
				LastUpgradeCheck = 9999;
				ORGANIZATIONNAME = "Azure SDK Team";
				TargetAttributes = {
					D1B7EAEC257F02FC004F384A = {
						CreatedOnToolsVersion = 12.2;
						ProvisioningStyle = Automatic;
					};
				};
			};
			buildConfigurationList = OBJ_2 /* Build configuration list for PBXProject "AzureCommunicationChat" */;
			compatibilityVersion = "Xcode 9.3";
			developmentRegion = en;
			hasScannedForEncodings = 0;
			knownRegions = (
				en,
			);
			mainGroup = OBJ_5;
			packageReferences = (
				D1BA104B25807B7500CA7130 /* XCRemoteSwiftPackageReference "OHHTTPStubs" */,
			);
			productRefGroup = OBJ_113 /* Products */;
			projectDirPath = "";
			projectReferences = (
				{
					ProductGroup = D51B549125B80E0D00B78904 /* Products */;
					ProjectRef = D51B549025B80E0D00B78904 /* AzureCommunicationSignaling.xcodeproj */;
				},
			);
			projectRoot = "";
			targets = (
				"AzureCommunicationChat::AzureCommunicationChat" /* AzureCommunicationChat */,
				D1B7EAEC257F02FC004F384A /* AzureCommunicationChatTests */,
			);
		};
/* End PBXProject section */

/* Begin PBXReferenceProxy section */
		D51B549525B80E0D00B78904 /* AzureCommunicationSignaling.framework */ = {
			isa = PBXReferenceProxy;
			fileType = wrapper.framework;
			path = AzureCommunicationSignaling.framework;
			remoteRef = D51B549425B80E0D00B78904 /* PBXContainerItemProxy */;
			sourceTree = BUILT_PRODUCTS_DIR;
		};
/* End PBXReferenceProxy section */

/* Begin PBXResourcesBuildPhase section */
		D1B7EAEB257F02FC004F384A /* Resources */ = {
			isa = PBXResourcesBuildPhase;
			buildActionMask = 2147483647;
			files = (
				D1CD93CC258D6E9E00409613 /* deleteThread.json in Resources */,
				D1CD93EC258D6F1300409613 /* updateTopic.json in Resources */,
				0ECA8CF12582A633006760F7 /* ListThreadsResponse.json in Resources */,
				D1CD93C4258D6E7300409613 /* createThread.json in Resources */,
				D1CD93D8258D6ECD00409613 /* removeParticipant.json in Resources */,
				D1CD93DC258D6EDA00409613 /* sendMessage.json in Resources */,
				0ECA8CEB2582A52D006760F7 /* UnauthorizedError.json in Resources */,
				0ECA8D2F25889619006760F7 /* ListReadReceiptResponse.json in Resources */,
				0ECA8D1725888667006760F7 /* GetMessageResponse.json in Resources */,
				0ECA8D1D258887D3006760F7 /* ListMessagesResponse.json in Resources */,
				D1BA104625807B0B00CA7130 /* CreateThreadResponse.json in Resources */,
				0ECA8D1025888515006760F7 /* NoContent.json in Resources */,
				D1CD93C8258D6E8F00409613 /* deleteMessage.json in Resources */,
				D10C3BDA25A66D4D00A181E3 /* listThreads.json in Resources */,
				0ECA8CDF258188D0006760F7 /* GetThreadResponse.json in Resources */,
				0ECA8D2325888DD8006760F7 /* ListParticipantsResponse.json in Resources */,
				0ECA8D1125888515006760F7 /* SendMessageResponse.json in Resources */,
				0ECA8D29258892CD006760F7 /* AddParticipantResponse.json in Resources */,
				D1CD93D0258D6EAB00409613 /* getThread.json in Resources */,
				D10C3BCE25A63F7800A181E3 /* listParticipants.json in Resources */,
				D1CD93E4258D6EF700409613 /* sendTypingNotification.json in Resources */,
				D1CD93E0258D6EEA00409613 /* sendReadReceipt.json in Resources */,
				D1CD93E8258D6F0600409613 /* updateMessage.json in Resources */,
				D1CD93BE258D6E6200409613 /* addParticipants.json in Resources */,
				D10C3BD425A660AF00A181E3 /* listMessages.json in Resources */,
			);
			runOnlyForDeploymentPostprocessing = 0;
		};
/* End PBXResourcesBuildPhase section */

/* Begin PBXShellScriptBuildPhase section */
		0ADDCFDA258D2AA900BD5E58 /* Format and Lint */ = {
			isa = PBXShellScriptBuildPhase;
			buildActionMask = 2147483647;
			files = (
			);
			inputFileListPaths = (
			);
			inputPaths = (
			);
			name = "Format and Lint";
			outputFileListPaths = (
			);
			outputPaths = (
			);
			runOnlyForDeploymentPostprocessing = 0;
			shellPath = /bin/sh;
			shellScript = "BUILD_PATH=$(pwd)\nROOT_PATH=$(pwd | rev | cut -d'/' -f4- | rev) \n$ROOT_PATH/Scripts/swiftlint.sh $BUILD_PATH\n";
		};
		445ADB16537FA45018DDA5D2 /* [CP] Embed Pods Frameworks */ = {
			isa = PBXShellScriptBuildPhase;
			buildActionMask = 2147483647;
			files = (
			);
			inputFileListPaths = (
				"${PODS_ROOT}/Target Support Files/Pods-AzureCommunicationChatTests/Pods-AzureCommunicationChatTests-frameworks-${CONFIGURATION}-input-files.xcfilelist",
			);
			name = "[CP] Embed Pods Frameworks";
			outputFileListPaths = (
				"${PODS_ROOT}/Target Support Files/Pods-AzureCommunicationChatTests/Pods-AzureCommunicationChatTests-frameworks-${CONFIGURATION}-output-files.xcfilelist",
			);
			runOnlyForDeploymentPostprocessing = 0;
			shellPath = /bin/sh;
			shellScript = "\"${PODS_ROOT}/Target Support Files/Pods-AzureCommunicationChatTests/Pods-AzureCommunicationChatTests-frameworks.sh\"\n";
			showEnvVarsInLog = 0;
		};
		54BA66082A36E067F3B5A4A1 /* [CP] Check Pods Manifest.lock */ = {
			isa = PBXShellScriptBuildPhase;
			buildActionMask = 2147483647;
			files = (
			);
			inputFileListPaths = (
			);
			inputPaths = (
				"${PODS_PODFILE_DIR_PATH}/Podfile.lock",
				"${PODS_ROOT}/Manifest.lock",
			);
			name = "[CP] Check Pods Manifest.lock";
			outputFileListPaths = (
			);
			outputPaths = (
				"$(DERIVED_FILE_DIR)/Pods-AzureCommunicationChatTests-checkManifestLockResult.txt",
			);
			runOnlyForDeploymentPostprocessing = 0;
			shellPath = /bin/sh;
			shellScript = "diff \"${PODS_PODFILE_DIR_PATH}/Podfile.lock\" \"${PODS_ROOT}/Manifest.lock\" > /dev/null\nif [ $? != 0 ] ; then\n    # print error to STDERR\n    echo \"error: The sandbox is not in sync with the Podfile.lock. Run 'pod install' or update your CocoaPods installation.\" >&2\n    exit 1\nfi\n# This output is used by Xcode 'outputs' to avoid re-running this script phase.\necho \"SUCCESS\" > \"${SCRIPT_OUTPUT_FILE_0}\"\n";
			showEnvVarsInLog = 0;
		};
		F533BDB375922B2AE143D56C /* [CP] Check Pods Manifest.lock */ = {
			isa = PBXShellScriptBuildPhase;
			buildActionMask = 2147483647;
			files = (
			);
			inputFileListPaths = (
			);
			inputPaths = (
				"${PODS_PODFILE_DIR_PATH}/Podfile.lock",
				"${PODS_ROOT}/Manifest.lock",
			);
			name = "[CP] Check Pods Manifest.lock";
			outputFileListPaths = (
			);
			outputPaths = (
				"$(DERIVED_FILE_DIR)/Pods-AzureCommunicationChat-checkManifestLockResult.txt",
			);
			runOnlyForDeploymentPostprocessing = 0;
			shellPath = /bin/sh;
			shellScript = "diff \"${PODS_PODFILE_DIR_PATH}/Podfile.lock\" \"${PODS_ROOT}/Manifest.lock\" > /dev/null\nif [ $? != 0 ] ; then\n    # print error to STDERR\n    echo \"error: The sandbox is not in sync with the Podfile.lock. Run 'pod install' or update your CocoaPods installation.\" >&2\n    exit 1\nfi\n# This output is used by Xcode 'outputs' to avoid re-running this script phase.\necho \"SUCCESS\" > \"${SCRIPT_OUTPUT_FILE_0}\"\n";
			showEnvVarsInLog = 0;
		};
/* End PBXShellScriptBuildPhase section */

/* Begin PBXSourcesBuildPhase section */
		D1B7EAE9257F02FC004F384A /* Sources */ = {
			isa = PBXSourcesBuildPhase;
			buildActionMask = 2147483647;
			files = (
				D1CD93A8258D6BDC00409613 /* ChatThreadClientTests.swift in Sources */,
				0ECA8D09258432DC006760F7 /* ChatThreadClientUnitTests.swift in Sources */,
				D1CD93AD258D6C2500409613 /* RecordingUtil.swift in Sources */,
				D1CD93A2258D6BC700409613 /* ChatClientTests.swift in Sources */,
				0ECA8CD2258181A5006760F7 /* ChatClientUnitTests.swift in Sources */,
				D1CD93B3258D6C3D00409613 /* TestUtil.swift in Sources */,
			);
			runOnlyForDeploymentPostprocessing = 0;
		};
		OBJ_120 /* Sources */ = {
			isa = PBXSourcesBuildPhase;
			buildActionMask = 0;
			files = (
				D1565C71256DB74900AF45F8 /* ChatClient.swift in Sources */,
				D1565C74256DB76C00AF45F8 /* ChatThreadClient.swift in Sources */,
				D15E990525B7C80C00E63DB2 /* Chat+CreateChatThreadOptions.swift in Sources */,
				D15E991925B7C80C00E63DB2 /* Enumerations.swift in Sources */,
				D15E990F25B7C80C00E63DB2 /* CommunicationError.swift in Sources */,
				D15E990425B7C80C00E63DB2 /* ChatThreadOperation+UpdateChatThreadOptions.swift in Sources */,
				D15E992225B7C80C00E63DB2 /* SendChatMessageResult.swift in Sources */,
				D15E990A25B7C80C00E63DB2 /* Chat+GetChatThreadOptions.swift in Sources */,
				D15E98FB25B7C80C00E63DB2 /* ChatThreadOperation+AddChatParticipantsOptions.swift in Sources */,
				D15E990725B7C80C00E63DB2 /* ChatThreadOperation+DeleteChatMessageOptions.swift in Sources */,
				D15E992325B7C80C00E63DB2 /* AddChatParticipantsRequest.swift in Sources */,
				D15E990C25B7C80C00E63DB2 /* PatchUtil.swift in Sources */,
				D15E991825B7C80C00E63DB2 /* CommunicationErrorResponse.swift in Sources */,
				D15E991D25B7C80C00E63DB2 /* ChatThread.swift in Sources */,
				D15E991225B7C80C00E63DB2 /* UpdateChatThreadRequest.swift in Sources */,
				D15E991525B7C80C00E63DB2 /* CreateChatThreadErrors.swift in Sources */,
				D15E990225B7C80C00E63DB2 /* ChatThreadOperation+SendChatReadReceiptOptions.swift in Sources */,
				D15E991A25B7C80C00E63DB2 /* AddChatParticipantsResult.swift in Sources */,
				D15E991E25B7C80C00E63DB2 /* UpdateChatMessageRequest.swift in Sources */,
				D15E991625B7C80C00E63DB2 /* ChatMessageReadReceipt.swift in Sources */,
				D15E991725B7C80C00E63DB2 /* CreateChatThreadRequest.swift in Sources */,
				D15E990625B7C80C00E63DB2 /* ChatThreadOperation+SendTypingNotificationOptions.swift in Sources */,
				D15E98FF25B7C80C00E63DB2 /* Chat+DeleteChatThreadOptions.swift in Sources */,
				D15E990025B7C80C00E63DB2 /* AzureCommunicationChatClientOptions.swift in Sources */,
				D15E990325B7C80C00E63DB2 /* ChatThreadOperation+RemoveChatParticipantOptions.swift in Sources */,
				D15E992425B7C80C00E63DB2 /* ChatParticipant.swift in Sources */,
				D15E991025B7C80C00E63DB2 /* SendChatMessageRequest.swift in Sources */,
				D15E990825B7C80C00E63DB2 /* ChatThreadOperation+ListChatMessagesOptions.swift in Sources */,
				D15E98FE25B7C80C00E63DB2 /* Chat+ListChatThreadsOptions.swift in Sources */,
				D15E991C25B7C80C00E63DB2 /* ChatThreadsInfoCollection.swift in Sources */,
				D15E98FA25B7C80C00E63DB2 /* AzureCommunicationChatClient.swift in Sources */,
				D15E98FC25B7C80C00E63DB2 /* ChatThreadOperation+ListChatReadReceiptsOptions.swift in Sources */,
				D15E992125B7C80C00E63DB2 /* ChatThreadInfo.swift in Sources */,
				D15E991425B7C80C00E63DB2 /* ChatMessagesCollection.swift in Sources */,
				D15E990D25B7C80C00E63DB2 /* Chat.swift in Sources */,
				D15E991325B7C80C00E63DB2 /* ChatMessage.swift in Sources */,
				D15E990125B7C80C00E63DB2 /* ChatThreadOperation+SendChatMessageOptions.swift in Sources */,
				D15E98FD25B7C80C00E63DB2 /* ChatThreadOperation+UpdateChatMessageOptions.swift in Sources */,
				D15E991F25B7C80C00E63DB2 /* CreateChatThreadResult.swift in Sources */,
				D15E990B25B7C80C00E63DB2 /* ChatThreadOperation+ListChatParticipantsOptions.swift in Sources */,
				D15E992525B7C80C00E63DB2 /* ChatParticipantsCollection.swift in Sources */,
				D15E992025B7C80C00E63DB2 /* SendReadReceiptRequest.swift in Sources */,
				D15E991125B7C80C00E63DB2 /* ChatMessageContent.swift in Sources */,
				D15E990E25B7C80C00E63DB2 /* AddChatParticipantsErrors.swift in Sources */,
				D15E991B25B7C80C00E63DB2 /* ChatMessageReadReceiptsCollection.swift in Sources */,
				D15E990925B7C80C00E63DB2 /* ChatThreadOperation+GetChatMessageOptions.swift in Sources */,
				D15E992625B7C80C00E63DB2 /* ChatThreadOperation.swift in Sources */,
			);
			runOnlyForDeploymentPostprocessing = 0;
		};
/* End PBXSourcesBuildPhase section */

/* Begin PBXTargetDependency section */
		D1CD936D258D688D00409613 /* PBXTargetDependency */ = {
			isa = PBXTargetDependency;
			target = "AzureCommunicationChat::AzureCommunicationChat" /* AzureCommunicationChat */;
			targetProxy = D1CD936C258D688D00409613 /* PBXContainerItemProxy */;
		};
		D5B6739525BEBE8D00CC426E /* PBXTargetDependency */ = {
			isa = PBXTargetDependency;
			name = AzureCommunicationSignaling;
			targetProxy = D5B6739425BEBE8D00CC426E /* PBXContainerItemProxy */;
		};
/* End PBXTargetDependency section */

/* Begin XCBuildConfiguration section */
		D1B7EAF3257F02FC004F384A /* Debug */ = {
			isa = XCBuildConfiguration;
			baseConfigurationReference = 2CB55B558C70B4045A54487D /* Pods-AzureCommunicationChatTests.debug.xcconfig */;
			buildSettings = {
				ALWAYS_SEARCH_USER_PATHS = NO;
				CLANG_ANALYZER_NONNULL = YES;
				CLANG_ANALYZER_NUMBER_OBJECT_CONVERSION = YES_AGGRESSIVE;
				CLANG_CXX_LANGUAGE_STANDARD = "gnu++14";
				CLANG_CXX_LIBRARY = "libc++";
				CLANG_ENABLE_MODULES = YES;
				CLANG_ENABLE_OBJC_WEAK = YES;
				CLANG_WARN_BLOCK_CAPTURE_AUTORELEASING = YES;
				CLANG_WARN_BOOL_CONVERSION = YES;
				CLANG_WARN_COMMA = YES;
				CLANG_WARN_CONSTANT_CONVERSION = YES;
				CLANG_WARN_DEPRECATED_OBJC_IMPLEMENTATIONS = YES;
				CLANG_WARN_DIRECT_OBJC_ISA_USAGE = YES_ERROR;
				CLANG_WARN_DOCUMENTATION_COMMENTS = YES;
				CLANG_WARN_EMPTY_BODY = YES;
				CLANG_WARN_ENUM_CONVERSION = YES;
				CLANG_WARN_INFINITE_RECURSION = YES;
				CLANG_WARN_INT_CONVERSION = YES;
				CLANG_WARN_NON_LITERAL_NULL_CONVERSION = YES;
				CLANG_WARN_OBJC_IMPLICIT_RETAIN_SELF = YES;
				CLANG_WARN_OBJC_LITERAL_CONVERSION = YES;
				CLANG_WARN_OBJC_ROOT_CLASS = YES_ERROR;
				CLANG_WARN_QUOTED_INCLUDE_IN_FRAMEWORK_HEADER = YES;
				CLANG_WARN_RANGE_LOOP_ANALYSIS = YES;
				CLANG_WARN_STRICT_PROTOTYPES = YES;
				CLANG_WARN_SUSPICIOUS_MOVE = YES;
				CLANG_WARN_UNGUARDED_AVAILABILITY = YES_AGGRESSIVE;
				CLANG_WARN_UNREACHABLE_CODE = YES;
				CLANG_WARN__DUPLICATE_METHOD_MATCH = YES;
				CODE_SIGN_STYLE = Automatic;
				ENABLE_STRICT_OBJC_MSGSEND = YES;
				ENABLE_TESTABILITY = YES;
				GCC_C_LANGUAGE_STANDARD = gnu11;
				GCC_DYNAMIC_NO_PIC = NO;
				GCC_NO_COMMON_BLOCKS = YES;
				GCC_PREPROCESSOR_DEFINITIONS = (
					"DEBUG=1",
					"$(inherited)",
				);
				GCC_WARN_64_TO_32_BIT_CONVERSION = YES;
				GCC_WARN_ABOUT_RETURN_TYPE = YES_ERROR;
				GCC_WARN_UNDECLARED_SELECTOR = YES;
				GCC_WARN_UNINITIALIZED_AUTOS = YES_AGGRESSIVE;
				GCC_WARN_UNUSED_FUNCTION = YES;
				GCC_WARN_UNUSED_VARIABLE = YES;
				INFOPLIST_FILE = Tests/Info.plist;
				LD_RUNPATH_SEARCH_PATHS = (
					"$(inherited)",
					"@executable_path/Frameworks",
					"@loader_path/Frameworks",
				);
				MTL_ENABLE_DEBUG_INFO = INCLUDE_SOURCE;
				MTL_FAST_MATH = YES;
				PRODUCT_BUNDLE_IDENTIFIER = com.azure.communication.AzureCommunicationChatTests;
				PRODUCT_NAME = "$(TARGET_NAME)";
				SDKROOT = iphoneos;
				SWIFT_ACTIVE_COMPILATION_CONDITIONS = DEBUG;
				SWIFT_VERSION = 5.0;
				TARGETED_DEVICE_FAMILY = "1,2";
			};
			name = Debug;
		};
		D1B7EAF4257F02FC004F384A /* Release */ = {
			isa = XCBuildConfiguration;
			baseConfigurationReference = 8E5206D2E09378DA0F9FD0E4 /* Pods-AzureCommunicationChatTests.release.xcconfig */;
			buildSettings = {
				ALWAYS_SEARCH_USER_PATHS = NO;
				CLANG_ANALYZER_NONNULL = YES;
				CLANG_ANALYZER_NUMBER_OBJECT_CONVERSION = YES_AGGRESSIVE;
				CLANG_CXX_LANGUAGE_STANDARD = "gnu++14";
				CLANG_CXX_LIBRARY = "libc++";
				CLANG_ENABLE_MODULES = YES;
				CLANG_ENABLE_OBJC_WEAK = YES;
				CLANG_WARN_BLOCK_CAPTURE_AUTORELEASING = YES;
				CLANG_WARN_BOOL_CONVERSION = YES;
				CLANG_WARN_COMMA = YES;
				CLANG_WARN_CONSTANT_CONVERSION = YES;
				CLANG_WARN_DEPRECATED_OBJC_IMPLEMENTATIONS = YES;
				CLANG_WARN_DIRECT_OBJC_ISA_USAGE = YES_ERROR;
				CLANG_WARN_DOCUMENTATION_COMMENTS = YES;
				CLANG_WARN_EMPTY_BODY = YES;
				CLANG_WARN_ENUM_CONVERSION = YES;
				CLANG_WARN_INFINITE_RECURSION = YES;
				CLANG_WARN_INT_CONVERSION = YES;
				CLANG_WARN_NON_LITERAL_NULL_CONVERSION = YES;
				CLANG_WARN_OBJC_IMPLICIT_RETAIN_SELF = YES;
				CLANG_WARN_OBJC_LITERAL_CONVERSION = YES;
				CLANG_WARN_OBJC_ROOT_CLASS = YES_ERROR;
				CLANG_WARN_QUOTED_INCLUDE_IN_FRAMEWORK_HEADER = YES;
				CLANG_WARN_RANGE_LOOP_ANALYSIS = YES;
				CLANG_WARN_STRICT_PROTOTYPES = YES;
				CLANG_WARN_SUSPICIOUS_MOVE = YES;
				CLANG_WARN_UNGUARDED_AVAILABILITY = YES_AGGRESSIVE;
				CLANG_WARN_UNREACHABLE_CODE = YES;
				CLANG_WARN__DUPLICATE_METHOD_MATCH = YES;
				CODE_SIGN_STYLE = Automatic;
				COPY_PHASE_STRIP = NO;
				ENABLE_NS_ASSERTIONS = NO;
				ENABLE_STRICT_OBJC_MSGSEND = YES;
				GCC_C_LANGUAGE_STANDARD = gnu11;
				GCC_NO_COMMON_BLOCKS = YES;
				GCC_WARN_64_TO_32_BIT_CONVERSION = YES;
				GCC_WARN_ABOUT_RETURN_TYPE = YES_ERROR;
				GCC_WARN_UNDECLARED_SELECTOR = YES;
				GCC_WARN_UNINITIALIZED_AUTOS = YES_AGGRESSIVE;
				GCC_WARN_UNUSED_FUNCTION = YES;
				GCC_WARN_UNUSED_VARIABLE = YES;
				INFOPLIST_FILE = Tests/Info.plist;
				LD_RUNPATH_SEARCH_PATHS = (
					"$(inherited)",
					"@executable_path/Frameworks",
					"@loader_path/Frameworks",
				);
				MTL_ENABLE_DEBUG_INFO = NO;
				MTL_FAST_MATH = YES;
				PRODUCT_BUNDLE_IDENTIFIER = com.azure.communication.AzureCommunicationChatTests;
				PRODUCT_NAME = "$(TARGET_NAME)";
				SDKROOT = iphoneos;
				SWIFT_VERSION = 5.0;
				TARGETED_DEVICE_FAMILY = "1,2";
				VALIDATE_PRODUCT = YES;
			};
			name = Release;
		};
		OBJ_118 /* Debug */ = {
			isa = XCBuildConfiguration;
			baseConfigurationReference = 9FE998BEC9685C476F2AFD1C /* Pods-AzureCommunicationChat.debug.xcconfig */;
			buildSettings = {
				ALWAYS_SEARCH_USER_PATHS = NO;
				BUILD_LIBRARY_FOR_DISTRIBUTION = YES;
				CLANG_ENABLE_MODULES = YES;
				CURRENT_PROJECT_VERSION = 1;
				DEFINES_MODULE = YES;
				DYLIB_COMPATIBILITY_VERSION = 1;
				DYLIB_CURRENT_VERSION = 1;
				ENABLE_TESTABILITY = YES;
				FRAMEWORK_SEARCH_PATHS = "";
				HEADER_SEARCH_PATHS = "$(inherited)";
				INFOPLIST_FILE = AzureCommunicationChat.xcodeproj/AzureCommunicationChat_Info.plist;
				IPHONEOS_DEPLOYMENT_TARGET = "";
				LD_RUNPATH_SEARCH_PATHS = (
					"$(inherited)",
					"@executable_path/Frameworks",
					"@loader_path/Frameworks",
				);
				MACOSX_DEPLOYMENT_TARGET = "";
				MARKETING_VERSION = "1.0.0-beta.5";
				OTHER_CFLAGS = "$(inherited)";
				OTHER_LDFLAGS = "$(inherited)";
				OTHER_SWIFT_FLAGS = "$(inherited)";
				PLIST_FILE_OUTPUT_FORMAT = binary;
				PRODUCT_BUNDLE_IDENTIFIER = com.azure.communication.AzureCommunicationChat;
				PRODUCT_MODULE_NAME = "$(TARGET_NAME:c99extidentifier)";
				PRODUCT_NAME = "$(TARGET_NAME:c99extidentifier)";
				SDKROOT = iphoneos;
				SKIP_INSTALL = YES;
				STRINGS_FILE_OUTPUT_ENCODING = binary;
				SWIFT_ACTIVE_COMPILATION_CONDITIONS = "$(inherited)";
				SWIFT_VERSION = 5.0;
				TARGET_NAME = AzureCommunicationChat;
				TVOS_DEPLOYMENT_TARGET = "";
				USE_HEADERMAP = YES;
				WATCHOS_DEPLOYMENT_TARGET = "";
			};
			name = Debug;
		};
		OBJ_119 /* Release */ = {
			isa = XCBuildConfiguration;
			baseConfigurationReference = 04B336EEF1E42CCE389E4935 /* Pods-AzureCommunicationChat.release.xcconfig */;
			buildSettings = {
				ALWAYS_SEARCH_USER_PATHS = NO;
				BUILD_LIBRARY_FOR_DISTRIBUTION = YES;
				CLANG_ENABLE_MODULES = YES;
				CURRENT_PROJECT_VERSION = 1;
				DEFINES_MODULE = YES;
				DYLIB_COMPATIBILITY_VERSION = 1;
				DYLIB_CURRENT_VERSION = 1;
				ENABLE_TESTABILITY = YES;
				FRAMEWORK_SEARCH_PATHS = "";
				HEADER_SEARCH_PATHS = "$(inherited)";
				INFOPLIST_FILE = AzureCommunicationChat.xcodeproj/AzureCommunicationChat_Info.plist;
				IPHONEOS_DEPLOYMENT_TARGET = "";
				LD_RUNPATH_SEARCH_PATHS = (
					"$(inherited)",
					"@executable_path/Frameworks",
					"@loader_path/Frameworks",
				);
				MACOSX_DEPLOYMENT_TARGET = "";
				MARKETING_VERSION = "1.0.0-beta.5";
				OTHER_CFLAGS = "$(inherited)";
				OTHER_LDFLAGS = "$(inherited)";
				OTHER_SWIFT_FLAGS = "$(inherited)";
				PLIST_FILE_OUTPUT_FORMAT = binary;
				PRODUCT_BUNDLE_IDENTIFIER = com.azure.communication.AzureCommunicationChat;
				PRODUCT_MODULE_NAME = "$(TARGET_NAME:c99extidentifier)";
				PRODUCT_NAME = "$(TARGET_NAME:c99extidentifier)";
				SDKROOT = iphoneos;
				SKIP_INSTALL = YES;
				STRINGS_FILE_OUTPUT_ENCODING = binary;
				SWIFT_ACTIVE_COMPILATION_CONDITIONS = "$(inherited)";
				SWIFT_VERSION = 5.0;
				TARGET_NAME = AzureCommunicationChat;
				TVOS_DEPLOYMENT_TARGET = "";
				USE_HEADERMAP = YES;
				WATCHOS_DEPLOYMENT_TARGET = "";
			};
			name = Release;
		};
		OBJ_3 /* Debug */ = {
			isa = XCBuildConfiguration;
			buildSettings = {
				CLANG_ENABLE_OBJC_ARC = YES;
				COMBINE_HIDPI_IMAGES = YES;
				COPY_PHASE_STRIP = NO;
				DEBUG_INFORMATION_FORMAT = dwarf;
				DYLIB_INSTALL_NAME_BASE = "@rpath";
				ENABLE_NS_ASSERTIONS = YES;
				GCC_OPTIMIZATION_LEVEL = 0;
				GCC_PREPROCESSOR_DEFINITIONS = (
					"$(inherited)",
					"SWIFT_PACKAGE=1",
					"DEBUG=1",
				);
				IPHONEOS_DEPLOYMENT_TARGET = "";
				MACOSX_DEPLOYMENT_TARGET = "";
				ONLY_ACTIVE_ARCH = YES;
				OTHER_SWIFT_FLAGS = "$(inherited) -DXcode";
				PRODUCT_NAME = "$(TARGET_NAME)";
				SDKROOT = iphoneos;
				SUPPORTED_PLATFORMS = "iphonesimulator iphoneos";
				SWIFT_ACTIVE_COMPILATION_CONDITIONS = "$(inherited) SWIFT_PACKAGE DEBUG";
				SWIFT_OPTIMIZATION_LEVEL = "-Onone";
				USE_HEADERMAP = NO;
			};
			name = Debug;
		};
		OBJ_4 /* Release */ = {
			isa = XCBuildConfiguration;
			buildSettings = {
				CLANG_ENABLE_OBJC_ARC = YES;
				COMBINE_HIDPI_IMAGES = YES;
				COPY_PHASE_STRIP = YES;
				DEBUG_INFORMATION_FORMAT = "dwarf-with-dsym";
				DYLIB_INSTALL_NAME_BASE = "@rpath";
				GCC_OPTIMIZATION_LEVEL = s;
				GCC_PREPROCESSOR_DEFINITIONS = (
					"$(inherited)",
					"SWIFT_PACKAGE=1",
				);
				IPHONEOS_DEPLOYMENT_TARGET = "";
				MACOSX_DEPLOYMENT_TARGET = "";
				OTHER_SWIFT_FLAGS = "$(inherited) -DXcode";
				PRODUCT_NAME = "$(TARGET_NAME)";
				SDKROOT = iphoneos;
				SUPPORTED_PLATFORMS = "iphonesimulator iphoneos";
				SWIFT_ACTIVE_COMPILATION_CONDITIONS = "$(inherited) SWIFT_PACKAGE";
				SWIFT_COMPILATION_MODE = wholemodule;
				SWIFT_OPTIMIZATION_LEVEL = "-O";
				USE_HEADERMAP = NO;
			};
			name = Release;
		};
/* End XCBuildConfiguration section */

/* Begin XCConfigurationList section */
		D1B7EAF2257F02FC004F384A /* Build configuration list for PBXNativeTarget "AzureCommunicationChatTests" */ = {
			isa = XCConfigurationList;
			buildConfigurations = (
				D1B7EAF3257F02FC004F384A /* Debug */,
				D1B7EAF4257F02FC004F384A /* Release */,
			);
			defaultConfigurationIsVisible = 0;
			defaultConfigurationName = Release;
		};
		OBJ_117 /* Build configuration list for PBXNativeTarget "AzureCommunicationChat" */ = {
			isa = XCConfigurationList;
			buildConfigurations = (
				OBJ_118 /* Debug */,
				OBJ_119 /* Release */,
			);
			defaultConfigurationIsVisible = 0;
			defaultConfigurationName = Release;
		};
		OBJ_2 /* Build configuration list for PBXProject "AzureCommunicationChat" */ = {
			isa = XCConfigurationList;
			buildConfigurations = (
				OBJ_3 /* Debug */,
				OBJ_4 /* Release */,
			);
			defaultConfigurationIsVisible = 0;
			defaultConfigurationName = Release;
		};
/* End XCConfigurationList section */

/* Begin XCRemoteSwiftPackageReference section */
		D1BA104B25807B7500CA7130 /* XCRemoteSwiftPackageReference "OHHTTPStubs" */ = {
			isa = XCRemoteSwiftPackageReference;
			repositoryURL = "https://github.com/AliSoftware/OHHTTPStubs.git";
			requirement = {
				kind = upToNextMajorVersion;
				minimumVersion = 9.1.0;
			};
		};
/* End XCRemoteSwiftPackageReference section */

/* Begin XCSwiftPackageProductDependency section */
		D1BA104C25807B7500CA7130 /* OHHTTPStubsSwift */ = {
			isa = XCSwiftPackageProductDependency;
			package = D1BA104B25807B7500CA7130 /* XCRemoteSwiftPackageReference "OHHTTPStubs" */;
			productName = OHHTTPStubsSwift;
		};
/* End XCSwiftPackageProductDependency section */
	};
	rootObject = OBJ_1 /* Project object */;
}
